// !$*UTF8*$!
{
	archiveVersion = 1;
	classes = {
	};
	objectVersion = 50;
	objects = {

/* Begin PBXBuildFile section */
		A91558D126E7DB6300F0063A /* AppDelegate.swift in Sources */ = {isa = PBXBuildFile; fileRef = A91558D026E7DB6300F0063A /* AppDelegate.swift */; };
		A91558D326E7DB6300F0063A /* SceneDelegate.swift in Sources */ = {isa = PBXBuildFile; fileRef = A91558D226E7DB6300F0063A /* SceneDelegate.swift */; };
		A91558D526E7DB6300F0063A /* ViewController.swift in Sources */ = {isa = PBXBuildFile; fileRef = A91558D426E7DB6300F0063A /* ViewController.swift */; };
		A91558D826E7DB6300F0063A /* Main.storyboard in Resources */ = {isa = PBXBuildFile; fileRef = A91558D626E7DB6300F0063A /* Main.storyboard */; };
		A91558DA26E7DB6400F0063A /* Assets.xcassets in Resources */ = {isa = PBXBuildFile; fileRef = A91558D926E7DB6400F0063A /* Assets.xcassets */; };
		A91558DD26E7DB6400F0063A /* LaunchScreen.storyboard in Resources */ = {isa = PBXBuildFile; fileRef = A91558DB26E7DB6400F0063A /* LaunchScreen.storyboard */; };
		A91558E826E7DB6500F0063A /* TestTests.swift in Sources */ = {isa = PBXBuildFile; fileRef = A91558E726E7DB6500F0063A /* TestTests.swift */; };
		A91558F326E7DB6500F0063A /* TestUITests.swift in Sources */ = {isa = PBXBuildFile; fileRef = A91558F226E7DB6500F0063A /* TestUITests.swift */; };
/* End PBXBuildFile section */

/* Begin PBXContainerItemProxy section */
		A91558E426E7DB6500F0063A /* PBXContainerItemProxy */ = {
			isa = PBXContainerItemProxy;
			containerPortal = A91558C526E7DB6300F0063A /* Project object */;
			proxyType = 1;
			remoteGlobalIDString = A91558CC26E7DB6300F0063A;
			remoteInfo = Test;
		};
		A91558EF26E7DB6500F0063A /* PBXContainerItemProxy */ = {
			isa = PBXContainerItemProxy;
			containerPortal = A91558C526E7DB6300F0063A /* Project object */;
			proxyType = 1;
			remoteGlobalIDString = A91558CC26E7DB6300F0063A;
			remoteInfo = Test;
		};
/* End PBXContainerItemProxy section */

/* Begin PBXFileReference section */
		A91558CD26E7DB6300F0063A /* Test.app */ = {isa = PBXFileReference; explicitFileType = wrapper.application; includeInIndex = 0; path = Test.app; sourceTree = BUILT_PRODUCTS_DIR; };
		A91558D026E7DB6300F0063A /* AppDelegate.swift */ = {isa = PBXFileReference; lastKnownFileType = sourcecode.swift; path = AppDelegate.swift; sourceTree = "<group>"; };
		A91558D226E7DB6300F0063A /* SceneDelegate.swift */ = {isa = PBXFileReference; lastKnownFileType = sourcecode.swift; path = SceneDelegate.swift; sourceTree = "<group>"; };
		A91558D426E7DB6300F0063A /* ViewController.swift */ = {isa = PBXFileReference; lastKnownFileType = sourcecode.swift; path = ViewController.swift; sourceTree = "<group>"; };
		A91558D726E7DB6300F0063A /* Base */ = {isa = PBXFileReference; lastKnownFileType = file.storyboard; name = Base; path = Base.lproj/Main.storyboard; sourceTree = "<group>"; };
		A91558D926E7DB6400F0063A /* Assets.xcassets */ = {isa = PBXFileReference; lastKnownFileType = folder.assetcatalog; path = Assets.xcassets; sourceTree = "<group>"; };
		A91558DC26E7DB6400F0063A /* Base */ = {isa = PBXFileReference; lastKnownFileType = file.storyboard; name = Base; path = Base.lproj/LaunchScreen.storyboard; sourceTree = "<group>"; };
		A91558DE26E7DB6400F0063A /* Info.plist */ = {isa = PBXFileReference; lastKnownFileType = text.plist.xml; path = Info.plist; sourceTree = "<group>"; };
		A91558E326E7DB6500F0063A /* TestTests.xctest */ = {isa = PBXFileReference; explicitFileType = wrapper.cfbundle; includeInIndex = 0; path = TestTests.xctest; sourceTree = BUILT_PRODUCTS_DIR; };
		A91558E726E7DB6500F0063A /* TestTests.swift */ = {isa = PBXFileReference; lastKnownFileType = sourcecode.swift; path = TestTests.swift; sourceTree = "<group>"; };
		A91558E926E7DB6500F0063A /* Info.plist */ = {isa = PBXFileReference; lastKnownFileType = text.plist.xml; path = Info.plist; sourceTree = "<group>"; };
		A91558EE26E7DB6500F0063A /* TestUITests.xctest */ = {isa = PBXFileReference; explicitFileType = wrapper.cfbundle; includeInIndex = 0; path = TestUITests.xctest; sourceTree = BUILT_PRODUCTS_DIR; };
		A91558F226E7DB6500F0063A /* TestUITests.swift */ = {isa = PBXFileReference; lastKnownFileType = sourcecode.swift; path = TestUITests.swift; sourceTree = "<group>"; };
		A91558F426E7DB6500F0063A /* Info.plist */ = {isa = PBXFileReference; lastKnownFileType = text.plist.xml; path = Info.plist; sourceTree = "<group>"; };
/* End PBXFileReference section */

/* Begin PBXFrameworksBuildPhase section */
		A91558CA26E7DB6300F0063A /* Frameworks */ = {
			isa = PBXFrameworksBuildPhase;
			buildActionMask = 2147483647;
			files = (
			);
			runOnlyForDeploymentPostprocessing = 0;
		};
		A91558E026E7DB6500F0063A /* Frameworks */ = {
			isa = PBXFrameworksBuildPhase;
			buildActionMask = 2147483647;
			files = (
			);
			runOnlyForDeploymentPostprocessing = 0;
		};
		A91558EB26E7DB6500F0063A /* Frameworks */ = {
			isa = PBXFrameworksBuildPhase;
			buildActionMask = 2147483647;
			files = (
			);
			runOnlyForDeploymentPostprocessing = 0;
		};
/* End PBXFrameworksBuildPhase section */

/* Begin PBXGroup section */
		A91558C426E7DB6300F0063A = {
			isa = PBXGroup;
			children = (
				A91558CF26E7DB6300F0063A /* Test */,
				A91558E626E7DB6500F0063A /* TestTests */,
				A91558F126E7DB6500F0063A /* TestUITests */,
				A91558CE26E7DB6300F0063A /* Products */,
			);
			sourceTree = "<group>";
		};
		A91558CE26E7DB6300F0063A /* Products */ = {
			isa = PBXGroup;
			children = (
				A91558CD26E7DB6300F0063A /* Test.app */,
				A91558E326E7DB6500F0063A /* TestTests.xctest */,
				A91558EE26E7DB6500F0063A /* TestUITests.xctest */,
			);
			name = Products;
			sourceTree = "<group>";
		};
		A91558CF26E7DB6300F0063A /* Test */ = {
			isa = PBXGroup;
			children = (
				A91558D026E7DB6300F0063A /* AppDelegate.swift */,
				A91558D226E7DB6300F0063A /* SceneDelegate.swift */,
				A91558D426E7DB6300F0063A /* ViewController.swift */,
				A91558D626E7DB6300F0063A /* Main.storyboard */,
				A91558D926E7DB6400F0063A /* Assets.xcassets */,
				A91558DB26E7DB6400F0063A /* LaunchScreen.storyboard */,
				A91558DE26E7DB6400F0063A /* Info.plist */,
			);
			path = Test;
			sourceTree = "<group>";
		};
		A91558E626E7DB6500F0063A /* TestTests */ = {
			isa = PBXGroup;
			children = (
				A91558E726E7DB6500F0063A /* TestTests.swift */,
				A91558E926E7DB6500F0063A /* Info.plist */,
			);
			path = TestTests;
			sourceTree = "<group>";
		};
		A91558F126E7DB6500F0063A /* TestUITests */ = {
			isa = PBXGroup;
			children = (
				A91558F226E7DB6500F0063A /* TestUITests.swift */,
				A91558F426E7DB6500F0063A /* Info.plist */,
			);
			path = TestUITests;
			sourceTree = "<group>";
		};
/* End PBXGroup section */

/* Begin PBXNativeTarget section */
		A91558CC26E7DB6300F0063A /* Test */ = {
			isa = PBXNativeTarget;
			buildConfigurationList = A91558F726E7DB6500F0063A /* Build configuration list for PBXNativeTarget "Test" */;
			buildPhases = (
				A91558C926E7DB6300F0063A /* Sources */,
				A91558CA26E7DB6300F0063A /* Frameworks */,
				A91558CB26E7DB6300F0063A /* Resources */,
			);
			buildRules = (
			);
			dependencies = (
			);
			name = Test;
			productName = Test;
			productReference = A91558CD26E7DB6300F0063A /* Test.app */;
			productType = "com.apple.product-type.application";
		};
		A91558E226E7DB6500F0063A /* TestTests */ = {
			isa = PBXNativeTarget;
			buildConfigurationList = A91558FA26E7DB6500F0063A /* Build configuration list for PBXNativeTarget "TestTests" */;
			buildPhases = (
				A91558DF26E7DB6500F0063A /* Sources */,
				A91558E026E7DB6500F0063A /* Frameworks */,
				A91558E126E7DB6500F0063A /* Resources */,
			);
			buildRules = (
			);
			dependencies = (
				A91558E526E7DB6500F0063A /* PBXTargetDependency */,
			);
			name = TestTests;
			productName = TestTests;
			productReference = A91558E326E7DB6500F0063A /* TestTests.xctest */;
			productType = "com.apple.product-type.bundle.unit-test";
		};
		A91558ED26E7DB6500F0063A /* TestUITests */ = {
			isa = PBXNativeTarget;
			buildConfigurationList = A91558FD26E7DB6500F0063A /* Build configuration list for PBXNativeTarget "TestUITests" */;
			buildPhases = (
				A91558EA26E7DB6500F0063A /* Sources */,
				A91558EB26E7DB6500F0063A /* Frameworks */,
				A91558EC26E7DB6500F0063A /* Resources */,
			);
			buildRules = (
			);
			dependencies = (
				A91558F026E7DB6500F0063A /* PBXTargetDependency */,
			);
			name = TestUITests;
			productName = TestUITests;
			productReference = A91558EE26E7DB6500F0063A /* TestUITests.xctest */;
			productType = "com.apple.product-type.bundle.ui-testing";
		};
/* End PBXNativeTarget section */

/* Begin PBXProject section */
		A91558C526E7DB6300F0063A /* Project object */ = {
			isa = PBXProject;
			attributes = {
				LastSwiftUpdateCheck = 1250;
				LastUpgradeCheck = 1250;
				TargetAttributes = {
					A91558CC26E7DB6300F0063A = {
						CreatedOnToolsVersion = 12.5.1;
					};
					A91558E226E7DB6500F0063A = {
						CreatedOnToolsVersion = 12.5.1;
						TestTargetID = A91558CC26E7DB6300F0063A;
					};
					A91558ED26E7DB6500F0063A = {
						CreatedOnToolsVersion = 12.5.1;
						TestTargetID = A91558CC26E7DB6300F0063A;
					};
				};
			};
			buildConfigurationList = A91558C826E7DB6300F0063A /* Build configuration list for PBXProject "Test" */;
			compatibilityVersion = "Xcode 9.3";
			developmentRegion = en;
			hasScannedForEncodings = 0;
			knownRegions = (
				en,
				Base,
			);
			mainGroup = A91558C426E7DB6300F0063A;
			productRefGroup = A91558CE26E7DB6300F0063A /* Products */;
			projectDirPath = "";
			projectRoot = "";
			targets = (
				A91558CC26E7DB6300F0063A /* Test */,
				A91558E226E7DB6500F0063A /* TestTests */,
				A91558ED26E7DB6500F0063A /* TestUITests */,
			);
		};
/* End PBXProject section */

/* Begin PBXResourcesBuildPhase section */
		A91558CB26E7DB6300F0063A /* Resources */ = {
			isa = PBXResourcesBuildPhase;
			buildActionMask = 2147483647;
			files = (
				A91558DD26E7DB6400F0063A /* LaunchScreen.storyboard in Resources */,
				A91558DA26E7DB6400F0063A /* Assets.xcassets in Resources */,
				A91558D826E7DB6300F0063A /* Main.storyboard in Resources */,
			);
			runOnlyForDeploymentPostprocessing = 0;
		};
		A91558E126E7DB6500F0063A /* Resources */ = {
			isa = PBXResourcesBuildPhase;
			buildActionMask = 2147483647;
			files = (
			);
			runOnlyForDeploymentPostprocessing = 0;
		};
		A91558EC26E7DB6500F0063A /* Resources */ = {
			isa = PBXResourcesBuildPhase;
			buildActionMask = 2147483647;
			files = (
			);
			runOnlyForDeploymentPostprocessing = 0;
		};
/* End PBXResourcesBuildPhase section */

/* Begin PBXSourcesBuildPhase section */
		A91558C926E7DB6300F0063A /* Sources */ = {
			isa = PBXSourcesBuildPhase;
			buildActionMask = 2147483647;
			files = (
				A91558D526E7DB6300F0063A /* ViewController.swift in Sources */,
				A91558D126E7DB6300F0063A /* AppDelegate.swift in Sources */,
				A91558D326E7DB6300F0063A /* SceneDelegate.swift in Sources */,
			);
			runOnlyForDeploymentPostprocessing = 0;
		};
		A91558DF26E7DB6500F0063A /* Sources */ = {
			isa = PBXSourcesBuildPhase;
			buildActionMask = 2147483647;
			files = (
				A91558E826E7DB6500F0063A /* TestTests.swift in Sources */,
			);
			runOnlyForDeploymentPostprocessing = 0;
		};
		A91558EA26E7DB6500F0063A /* Sources */ = {
			isa = PBXSourcesBuildPhase;
			buildActionMask = 2147483647;
			files = (
				A91558F326E7DB6500F0063A /* TestUITests.swift in Sources */,
			);
			runOnlyForDeploymentPostprocessing = 0;
		};
/* End PBXSourcesBuildPhase section */

/* Begin PBXTargetDependency section */
		A91558E526E7DB6500F0063A /* PBXTargetDependency */ = {
			isa = PBXTargetDependency;
			target = A91558CC26E7DB6300F0063A /* Test */;
			targetProxy = A91558E426E7DB6500F0063A /* PBXContainerItemProxy */;
		};
		A91558F026E7DB6500F0063A /* PBXTargetDependency */ = {
			isa = PBXTargetDependency;
			target = A91558CC26E7DB6300F0063A /* Test */;
			targetProxy = A91558EF26E7DB6500F0063A /* PBXContainerItemProxy */;
		};
/* End PBXTargetDependency section */

/* Begin PBXVariantGroup section */
		A91558D626E7DB6300F0063A /* Main.storyboard */ = {
			isa = PBXVariantGroup;
			children = (
				A91558D726E7DB6300F0063A /* Base */,
			);
			name = Main.storyboard;
			sourceTree = "<group>";
		};
		A91558DB26E7DB6400F0063A /* LaunchScreen.storyboard */ = {
			isa = PBXVariantGroup;
			children = (
				A91558DC26E7DB6400F0063A /* Base */,
			);
			name = LaunchScreen.storyboard;
			sourceTree = "<group>";
		};
/* End PBXVariantGroup section */

/* Begin XCBuildConfiguration section */
		A91558F526E7DB6500F0063A /* Debug */ = {
			isa = XCBuildConfiguration;
			buildSettings = {
				ALWAYS_SEARCH_USER_PATHS = NO;
				CLANG_ANALYZER_NONNULL = YES;
				CLANG_ANALYZER_NUMBER_OBJECT_CONVERSION = YES_AGGRESSIVE;
				CLANG_CXX_LANGUAGE_STANDARD = "gnu++14";
				CLANG_CXX_LIBRARY = "libc++";
				CLANG_ENABLE_MODULES = YES;
				CLANG_ENABLE_OBJC_ARC = YES;
				CLANG_ENABLE_OBJC_WEAK = YES;
				CLANG_WARN_BLOCK_CAPTURE_AUTORELEASING = YES;
				CLANG_WARN_BOOL_CONVERSION = YES;
				CLANG_WARN_COMMA = YES;
				CLANG_WARN_CONSTANT_CONVERSION = YES;
				CLANG_WARN_DEPRECATED_OBJC_IMPLEMENTATIONS = YES;
				CLANG_WARN_DIRECT_OBJC_ISA_USAGE = YES_ERROR;
				CLANG_WARN_DOCUMENTATION_COMMENTS = YES;
				CLANG_WARN_EMPTY_BODY = YES;
				CLANG_WARN_ENUM_CONVERSION = YES;
				CLANG_WARN_INFINITE_RECURSION = YES;
				CLANG_WARN_INT_CONVERSION = YES;
				CLANG_WARN_NON_LITERAL_NULL_CONVERSION = YES;
				CLANG_WARN_OBJC_IMPLICIT_RETAIN_SELF = YES;
				CLANG_WARN_OBJC_LITERAL_CONVERSION = YES;
				CLANG_WARN_OBJC_ROOT_CLASS = YES_ERROR;
				CLANG_WARN_QUOTED_INCLUDE_IN_FRAMEWORK_HEADER = YES;
				CLANG_WARN_RANGE_LOOP_ANALYSIS = YES;
				CLANG_WARN_STRICT_PROTOTYPES = YES;
				CLANG_WARN_SUSPICIOUS_MOVE = YES;
				CLANG_WARN_UNGUARDED_AVAILABILITY = YES_AGGRESSIVE;
				CLANG_WARN_UNREACHABLE_CODE = YES;
				CLANG_WARN__DUPLICATE_METHOD_MATCH = YES;
				COPY_PHASE_STRIP = NO;
				DEBUG_INFORMATION_FORMAT = dwarf;
				ENABLE_STRICT_OBJC_MSGSEND = YES;
				ENABLE_TESTABILITY = YES;
				GCC_C_LANGUAGE_STANDARD = gnu11;
				GCC_DYNAMIC_NO_PIC = NO;
				GCC_NO_COMMON_BLOCKS = YES;
				GCC_OPTIMIZATION_LEVEL = 0;
				GCC_PREPROCESSOR_DEFINITIONS = (
					"DEBUG=1",
					"$(inherited)",
				);
				GCC_WARN_64_TO_32_BIT_CONVERSION = YES;
				GCC_WARN_ABOUT_RETURN_TYPE = YES_ERROR;
				GCC_WARN_UNDECLARED_SELECTOR = YES;
				GCC_WARN_UNINITIALIZED_AUTOS = YES_AGGRESSIVE;
				GCC_WARN_UNUSED_FUNCTION = YES;
				GCC_WARN_UNUSED_VARIABLE = YES;
				IPHONEOS_DEPLOYMENT_TARGET = 14.5;
				MTL_ENABLE_DEBUG_INFO = INCLUDE_SOURCE;
				MTL_FAST_MATH = YES;
				ONLY_ACTIVE_ARCH = YES;
				SDKROOT = iphoneos;
				SWIFT_ACTIVE_COMPILATION_CONDITIONS = DEBUG;
				SWIFT_OPTIMIZATION_LEVEL = "-Onone";
			};
			name = Debug;
		};
		A91558F626E7DB6500F0063A /* Release */ = {
			isa = XCBuildConfiguration;
			buildSettings = {
				ALWAYS_SEARCH_USER_PATHS = NO;
				CLANG_ANALYZER_NONNULL = YES;
				CLANG_ANALYZER_NUMBER_OBJECT_CONVERSION = YES_AGGRESSIVE;
				CLANG_CXX_LANGUAGE_STANDARD = "gnu++14";
				CLANG_CXX_LIBRARY = "libc++";
				CLANG_ENABLE_MODULES = YES;
				CLANG_ENABLE_OBJC_ARC = YES;
				CLANG_ENABLE_OBJC_WEAK = YES;
				CLANG_WARN_BLOCK_CAPTURE_AUTORELEASING = YES;
				CLANG_WARN_BOOL_CONVERSION = YES;
				CLANG_WARN_COMMA = YES;
				CLANG_WARN_CONSTANT_CONVERSION = YES;
				CLANG_WARN_DEPRECATED_OBJC_IMPLEMENTATIONS = YES;
				CLANG_WARN_DIRECT_OBJC_ISA_USAGE = YES_ERROR;
				CLANG_WARN_DOCUMENTATION_COMMENTS = YES;
				CLANG_WARN_EMPTY_BODY = YES;
				CLANG_WARN_ENUM_CONVERSION = YES;
				CLANG_WARN_INFINITE_RECURSION = YES;
				CLANG_WARN_INT_CONVERSION = YES;
				CLANG_WARN_NON_LITERAL_NULL_CONVERSION = YES;
				CLANG_WARN_OBJC_IMPLICIT_RETAIN_SELF = YES;
				CLANG_WARN_OBJC_LITERAL_CONVERSION = YES;
				CLANG_WARN_OBJC_ROOT_CLASS = YES_ERROR;
				CLANG_WARN_QUOTED_INCLUDE_IN_FRAMEWORK_HEADER = YES;
				CLANG_WARN_RANGE_LOOP_ANALYSIS = YES;
				CLANG_WARN_STRICT_PROTOTYPES = YES;
				CLANG_WARN_SUSPICIOUS_MOVE = YES;
				CLANG_WARN_UNGUARDED_AVAILABILITY = YES_AGGRESSIVE;
				CLANG_WARN_UNREACHABLE_CODE = YES;
				CLANG_WARN__DUPLICATE_METHOD_MATCH = YES;
				COPY_PHASE_STRIP = NO;
				DEBUG_INFORMATION_FORMAT = "dwarf-with-dsym";
				ENABLE_NS_ASSERTIONS = NO;
				ENABLE_STRICT_OBJC_MSGSEND = YES;
				GCC_C_LANGUAGE_STANDARD = gnu11;
				GCC_NO_COMMON_BLOCKS = YES;
				GCC_WARN_64_TO_32_BIT_CONVERSION = YES;
				GCC_WARN_ABOUT_RETURN_TYPE = YES_ERROR;
				GCC_WARN_UNDECLARED_SELECTOR = YES;
				GCC_WARN_UNINITIALIZED_AUTOS = YES_AGGRESSIVE;
				GCC_WARN_UNUSED_FUNCTION = YES;
				GCC_WARN_UNUSED_VARIABLE = YES;
				IPHONEOS_DEPLOYMENT_TARGET = 14.5;
				MTL_ENABLE_DEBUG_INFO = NO;
				MTL_FAST_MATH = YES;
				SDKROOT = iphoneos;
				SWIFT_COMPILATION_MODE = wholemodule;
				SWIFT_OPTIMIZATION_LEVEL = "-O";
				VALIDATE_PRODUCT = YES;
			};
			name = Release;
		};
		A91558F826E7DB6500F0063A /* Debug */ = {
			isa = XCBuildConfiguration;
			buildSettings = {
				ASSETCATALOG_COMPILER_APPICON_NAME = AppIcon;
				ASSETCATALOG_COMPILER_GLOBAL_ACCENT_COLOR_NAME = AccentColor;
				CODE_SIGN_STYLE = Automatic;
				INFOPLIST_FILE = Test/Info.plist;
				LD_RUNPATH_SEARCH_PATHS = (
					"$(inherited)",
					"@executable_path/Frameworks",
				);
				PRODUCT_BUNDLE_IDENTIFIER = test.Test;
				PRODUCT_NAME = "$(TARGET_NAME)";
				SWIFT_VERSION = 5.0;
				TARGETED_DEVICE_FAMILY = "1,2";
			};
			name = Debug;
		};
		A91558F926E7DB6500F0063A /* Release */ = {
			isa = XCBuildConfiguration;
			buildSettings = {
				ASSETCATALOG_COMPILER_APPICON_NAME = AppIcon;
				ASSETCATALOG_COMPILER_GLOBAL_ACCENT_COLOR_NAME = AccentColor;
				CODE_SIGN_STYLE = Automatic;
				INFOPLIST_FILE = Test/Info.plist;
				LD_RUNPATH_SEARCH_PATHS = (
					"$(inherited)",
					"@executable_path/Frameworks",
				);
				PRODUCT_BUNDLE_IDENTIFIER = test.Test;
				PRODUCT_NAME = "$(TARGET_NAME)";
				SWIFT_VERSION = 5.0;
				TARGETED_DEVICE_FAMILY = "1,2";
			};
			name = Release;
		};
		A91558FB26E7DB6500F0063A /* Debug */ = {
			isa = XCBuildConfiguration;
			buildSettings = {
				ALWAYS_EMBED_SWIFT_STANDARD_LIBRARIES = YES;
				BUNDLE_LOADER = "$(TEST_HOST)";
				CODE_SIGN_STYLE = Automatic;
				INFOPLIST_FILE = TestTests/Info.plist;
				IPHONEOS_DEPLOYMENT_TARGET = 14.5;
				LD_RUNPATH_SEARCH_PATHS = (
					"$(inherited)",
					"@executable_path/Frameworks",
					"@loader_path/Frameworks",
				);
				PRODUCT_BUNDLE_IDENTIFIER = test.TestTests;
				PRODUCT_NAME = "$(TARGET_NAME)";
				SWIFT_VERSION = 5.0;
				TARGETED_DEVICE_FAMILY = "1,2";
				TEST_HOST = "$(BUILT_PRODUCTS_DIR)/Test.app/Test";
			};
			name = Debug;
		};
		A91558FC26E7DB6500F0063A /* Release */ = {
			isa = XCBuildConfiguration;
			buildSettings = {
				ALWAYS_EMBED_SWIFT_STANDARD_LIBRARIES = YES;
				BUNDLE_LOADER = "$(TEST_HOST)";
				CODE_SIGN_STYLE = Automatic;
				INFOPLIST_FILE = TestTests/Info.plist;
				IPHONEOS_DEPLOYMENT_TARGET = 14.5;
				LD_RUNPATH_SEARCH_PATHS = (
					"$(inherited)",
					"@executable_path/Frameworks",
					"@loader_path/Frameworks",
				);
				PRODUCT_BUNDLE_IDENTIFIER = test.TestTests;
				PRODUCT_NAME = "$(TARGET_NAME)";
				SWIFT_VERSION = 5.0;
				TARGETED_DEVICE_FAMILY = "1,2";
				TEST_HOST = "$(BUILT_PRODUCTS_DIR)/Test.app/Test";
			};
			name = Release;
		};
		A91558FE26E7DB6500F0063A /* Debug */ = {
			isa = XCBuildConfiguration;
			buildSettings = {
				ALWAYS_EMBED_SWIFT_STANDARD_LIBRARIES = YES;
				CODE_SIGN_STYLE = Automatic;
				INFOPLIST_FILE = TestUITests/Info.plist;
				LD_RUNPATH_SEARCH_PATHS = (
					"$(inherited)",
					"@executable_path/Frameworks",
					"@loader_path/Frameworks",
				);
				PRODUCT_BUNDLE_IDENTIFIER = test.TestUITests;
				PRODUCT_NAME = "$(TARGET_NAME)";
				SWIFT_VERSION = 5.0;
				TARGETED_DEVICE_FAMILY = "1,2";
				TEST_TARGET_NAME = Test;
			};
			name = Debug;
		};
		A91558FF26E7DB6500F0063A /* Release */ = {
			isa = XCBuildConfiguration;
			buildSettings = {
				ALWAYS_EMBED_SWIFT_STANDARD_LIBRARIES = YES;
				CODE_SIGN_STYLE = Automatic;
				INFOPLIST_FILE = TestUITests/Info.plist;
				LD_RUNPATH_SEARCH_PATHS = (
					"$(inherited)",
					"@executable_path/Frameworks",
					"@loader_path/Frameworks",
				);
				PRODUCT_BUNDLE_IDENTIFIER = test.TestUITests;
				PRODUCT_NAME = "$(TARGET_NAME)";
				SWIFT_VERSION = 5.0;
				TARGETED_DEVICE_FAMILY = "1,2";
				TEST_TARGET_NAME = Test;
			};
			name = Release;
		};
/* End XCBuildConfiguration section */

/* Begin XCConfigurationList section */
		A91558C826E7DB6300F0063A /* Build configuration list for PBXProject "Test" */ = {
			isa = XCConfigurationList;
			buildConfigurations = (
				A91558F526E7DB6500F0063A /* Debug */,
				A91558F626E7DB6500F0063A /* Release */,
			);
			defaultConfigurationIsVisible = 0;
			defaultConfigurationName = Release;
		};
		A91558F726E7DB6500F0063A /* Build configuration list for PBXNativeTarget "Test" */ = {
			isa = XCConfigurationList;
			buildConfigurations = (
				A91558F826E7DB6500F0063A /* Debug */,
				A91558F926E7DB6500F0063A /* Release */,
			);
			defaultConfigurationIsVisible = 0;
			defaultConfigurationName = Release;
		};
		A91558FA26E7DB6500F0063A /* Build configuration list for PBXNativeTarget "TestTests" */ = {
			isa = XCConfigurationList;
			buildConfigurations = (
				A91558FB26E7DB6500F0063A /* Debug */,
				A91558FC26E7DB6500F0063A /* Release */,
			);
			defaultConfigurationIsVisible = 0;
			defaultConfigurationName = Release;
		};
		A91558FD26E7DB6500F0063A /* Build configuration list for PBXNativeTarget "TestUITests" */ = {
			isa = XCConfigurationList;
			buildConfigurations = (
				A91558FE26E7DB6500F0063A /* Debug */,
				A91558FF26E7DB6500F0063A /* Release */,
			);
			defaultConfigurationIsVisible = 0;
			defaultConfigurationName = Release;
		};
/* End XCConfigurationList section */
	};
	rootObject = A91558C526E7DB6300F0063A /* Project object */;
}
