// !$*UTF8*$!
{
	archiveVersion = 1;
	classes = {
	};
	objectVersion = 50;
	objects = {

/* Begin PBXBuildFile section */
		A915590D26E7DC8B00F0063A /* AppDelegate.swift in Sources */ = {isa = PBXBuildFile; fileRef = A915590C26E7DC8B00F0063A /* AppDelegate.swift */; };
		A915590F26E7DC8B00F0063A /* SceneDelegate.swift in Sources */ = {isa = PBXBuildFile; fileRef = A915590E26E7DC8B00F0063A /* SceneDelegate.swift */; };
		A915591126E7DC8B00F0063A /* ViewController.swift in Sources */ = {isa = PBXBuildFile; fileRef = A915591026E7DC8B00F0063A /* ViewController.swift */; };
		A915591426E7DC8B00F0063A /* Main.storyboard in Resources */ = {isa = PBXBuildFile; fileRef = A915591226E7DC8B00F0063A /* Main.storyboard */; };
		A915591626E7DC8D00F0063A /* Assets.xcassets in Resources */ = {isa = PBXBuildFile; fileRef = A915591526E7DC8D00F0063A /* Assets.xcassets */; };
		A915591926E7DC8D00F0063A /* LaunchScreen.storyboard in Resources */ = {isa = PBXBuildFile; fileRef = A915591726E7DC8D00F0063A /* LaunchScreen.storyboard */; };
		A915592426E7DC8D00F0063A /* CarOptionsMattFTests.swift in Sources */ = {isa = PBXBuildFile; fileRef = A915592326E7DC8D00F0063A /* CarOptionsMattFTests.swift */; };
		A915592F26E7DC8D00F0063A /* CarOptionsMattFUITests.swift in Sources */ = {isa = PBXBuildFile; fileRef = A915592E26E7DC8D00F0063A /* CarOptionsMattFUITests.swift */; };
/* End PBXBuildFile section */

/* Begin PBXContainerItemProxy section */
		A915592026E7DC8D00F0063A /* PBXContainerItemProxy */ = {
			isa = PBXContainerItemProxy;
			containerPortal = A915590126E7DC8B00F0063A /* Project object */;
			proxyType = 1;
			remoteGlobalIDString = A915590826E7DC8B00F0063A;
			remoteInfo = CarOptionsMattF;
		};
		A915592B26E7DC8D00F0063A /* PBXContainerItemProxy */ = {
			isa = PBXContainerItemProxy;
			containerPortal = A915590126E7DC8B00F0063A /* Project object */;
			proxyType = 1;
			remoteGlobalIDString = A915590826E7DC8B00F0063A;
			remoteInfo = CarOptionsMattF;
		};
/* End PBXContainerItemProxy section */

/* Begin PBXFileReference section */
		A915590926E7DC8B00F0063A /* CarOptionsMattF.app */ = {isa = PBXFileReference; explicitFileType = wrapper.application; includeInIndex = 0; path = CarOptionsMattF.app; sourceTree = BUILT_PRODUCTS_DIR; };
		A915590C26E7DC8B00F0063A /* AppDelegate.swift */ = {isa = PBXFileReference; lastKnownFileType = sourcecode.swift; path = AppDelegate.swift; sourceTree = "<group>"; };
		A915590E26E7DC8B00F0063A /* SceneDelegate.swift */ = {isa = PBXFileReference; lastKnownFileType = sourcecode.swift; path = SceneDelegate.swift; sourceTree = "<group>"; };
		A915591026E7DC8B00F0063A /* ViewController.swift */ = {isa = PBXFileReference; lastKnownFileType = sourcecode.swift; path = ViewController.swift; sourceTree = "<group>"; };
		A915591326E7DC8B00F0063A /* Base */ = {isa = PBXFileReference; lastKnownFileType = file.storyboard; name = Base; path = Base.lproj/Main.storyboard; sourceTree = "<group>"; };
		A915591526E7DC8D00F0063A /* Assets.xcassets */ = {isa = PBXFileReference; lastKnownFileType = folder.assetcatalog; path = Assets.xcassets; sourceTree = "<group>"; };
		A915591826E7DC8D00F0063A /* Base */ = {isa = PBXFileReference; lastKnownFileType = file.storyboard; name = Base; path = Base.lproj/LaunchScreen.storyboard; sourceTree = "<group>"; };
		A915591A26E7DC8D00F0063A /* Info.plist */ = {isa = PBXFileReference; lastKnownFileType = text.plist.xml; path = Info.plist; sourceTree = "<group>"; };
		A915591F26E7DC8D00F0063A /* CarOptionsMattFTests.xctest */ = {isa = PBXFileReference; explicitFileType = wrapper.cfbundle; includeInIndex = 0; path = CarOptionsMattFTests.xctest; sourceTree = BUILT_PRODUCTS_DIR; };
		A915592326E7DC8D00F0063A /* CarOptionsMattFTests.swift */ = {isa = PBXFileReference; lastKnownFileType = sourcecode.swift; path = CarOptionsMattFTests.swift; sourceTree = "<group>"; };
		A915592526E7DC8D00F0063A /* Info.plist */ = {isa = PBXFileReference; lastKnownFileType = text.plist.xml; path = Info.plist; sourceTree = "<group>"; };
		A915592A26E7DC8D00F0063A /* CarOptionsMattFUITests.xctest */ = {isa = PBXFileReference; explicitFileType = wrapper.cfbundle; includeInIndex = 0; path = CarOptionsMattFUITests.xctest; sourceTree = BUILT_PRODUCTS_DIR; };
		A915592E26E7DC8D00F0063A /* CarOptionsMattFUITests.swift */ = {isa = PBXFileReference; lastKnownFileType = sourcecode.swift; path = CarOptionsMattFUITests.swift; sourceTree = "<group>"; };
		A915593026E7DC8D00F0063A /* Info.plist */ = {isa = PBXFileReference; lastKnownFileType = text.plist.xml; path = Info.plist; sourceTree = "<group>"; };
/* End PBXFileReference section */

/* Begin PBXFrameworksBuildPhase section */
		A915590626E7DC8B00F0063A /* Frameworks */ = {
			isa = PBXFrameworksBuildPhase;
			buildActionMask = 2147483647;
			files = (
			);
			runOnlyForDeploymentPostprocessing = 0;
		};
		A915591C26E7DC8D00F0063A /* Frameworks */ = {
			isa = PBXFrameworksBuildPhase;
			buildActionMask = 2147483647;
			files = (
			);
			runOnlyForDeploymentPostprocessing = 0;
		};
		A915592726E7DC8D00F0063A /* Frameworks */ = {
			isa = PBXFrameworksBuildPhase;
			buildActionMask = 2147483647;
			files = (
			);
			runOnlyForDeploymentPostprocessing = 0;
		};
/* End PBXFrameworksBuildPhase section */

/* Begin PBXGroup section */
		A915590026E7DC8B00F0063A = {
			isa = PBXGroup;
			children = (
				A915590B26E7DC8B00F0063A /* CarOptionsMattF */,
				A915592226E7DC8D00F0063A /* CarOptionsMattFTests */,
				A915592D26E7DC8D00F0063A /* CarOptionsMattFUITests */,
				A915590A26E7DC8B00F0063A /* Products */,
			);
			sourceTree = "<group>";
		};
		A915590A26E7DC8B00F0063A /* Products */ = {
			isa = PBXGroup;
			children = (
				A915590926E7DC8B00F0063A /* CarOptionsMattF.app */,
				A915591F26E7DC8D00F0063A /* CarOptionsMattFTests.xctest */,
				A915592A26E7DC8D00F0063A /* CarOptionsMattFUITests.xctest */,
			);
			name = Products;
			sourceTree = "<group>";
		};
		A915590B26E7DC8B00F0063A /* CarOptionsMattF */ = {
			isa = PBXGroup;
			children = (
				A915590C26E7DC8B00F0063A /* AppDelegate.swift */,
				A915590E26E7DC8B00F0063A /* SceneDelegate.swift */,
				A915591026E7DC8B00F0063A /* ViewController.swift */,
				A915591226E7DC8B00F0063A /* Main.storyboard */,
				A915591526E7DC8D00F0063A /* Assets.xcassets */,
				A915591726E7DC8D00F0063A /* LaunchScreen.storyboard */,
				A915591A26E7DC8D00F0063A /* Info.plist */,
			);
			path = CarOptionsMattF;
			sourceTree = "<group>";
		};
		A915592226E7DC8D00F0063A /* CarOptionsMattFTests */ = {
			isa = PBXGroup;
			children = (
				A915592326E7DC8D00F0063A /* CarOptionsMattFTests.swift */,
				A915592526E7DC8D00F0063A /* Info.plist */,
			);
			path = CarOptionsMattFTests;
			sourceTree = "<group>";
		};
		A915592D26E7DC8D00F0063A /* CarOptionsMattFUITests */ = {
			isa = PBXGroup;
			children = (
				A915592E26E7DC8D00F0063A /* CarOptionsMattFUITests.swift */,
				A915593026E7DC8D00F0063A /* Info.plist */,
			);
			path = CarOptionsMattFUITests;
			sourceTree = "<group>";
		};
/* End PBXGroup section */

/* Begin PBXNativeTarget section */
		A915590826E7DC8B00F0063A /* CarOptionsMattF */ = {
			isa = PBXNativeTarget;
			buildConfigurationList = A915593326E7DC8D00F0063A /* Build configuration list for PBXNativeTarget "CarOptionsMattF" */;
			buildPhases = (
				A915590526E7DC8B00F0063A /* Sources */,
				A915590626E7DC8B00F0063A /* Frameworks */,
				A915590726E7DC8B00F0063A /* Resources */,
			);
			buildRules = (
			);
			dependencies = (
			);
			name = CarOptionsMattF;
			productName = CarOptionsMattF;
			productReference = A915590926E7DC8B00F0063A /* CarOptionsMattF.app */;
			productType = "com.apple.product-type.application";
		};
		A915591E26E7DC8D00F0063A /* CarOptionsMattFTests */ = {
			isa = PBXNativeTarget;
			buildConfigurationList = A915593626E7DC8D00F0063A /* Build configuration list for PBXNativeTarget "CarOptionsMattFTests" */;
			buildPhases = (
				A915591B26E7DC8D00F0063A /* Sources */,
				A915591C26E7DC8D00F0063A /* Frameworks */,
				A915591D26E7DC8D00F0063A /* Resources */,
			);
			buildRules = (
			);
			dependencies = (
				A915592126E7DC8D00F0063A /* PBXTargetDependency */,
			);
			name = CarOptionsMattFTests;
			productName = CarOptionsMattFTests;
			productReference = A915591F26E7DC8D00F0063A /* CarOptionsMattFTests.xctest */;
			productType = "com.apple.product-type.bundle.unit-test";
		};
		A915592926E7DC8D00F0063A /* CarOptionsMattFUITests */ = {
			isa = PBXNativeTarget;
			buildConfigurationList = A915593926E7DC8D00F0063A /* Build configuration list for PBXNativeTarget "CarOptionsMattFUITests" */;
			buildPhases = (
				A915592626E7DC8D00F0063A /* Sources */,
				A915592726E7DC8D00F0063A /* Frameworks */,
				A915592826E7DC8D00F0063A /* Resources */,
			);
			buildRules = (
			);
			dependencies = (
				A915592C26E7DC8D00F0063A /* PBXTargetDependency */,
			);
			name = CarOptionsMattFUITests;
			productName = CarOptionsMattFUITests;
			productReference = A915592A26E7DC8D00F0063A /* CarOptionsMattFUITests.xctest */;
			productType = "com.apple.product-type.bundle.ui-testing";
		};
/* End PBXNativeTarget section */

/* Begin PBXProject section */
		A915590126E7DC8B00F0063A /* Project object */ = {
			isa = PBXProject;
			attributes = {
				LastSwiftUpdateCheck = 1250;
				LastUpgradeCheck = 1250;
				TargetAttributes = {
					A915590826E7DC8B00F0063A = {
						CreatedOnToolsVersion = 12.5.1;
					};
					A915591E26E7DC8D00F0063A = {
						CreatedOnToolsVersion = 12.5.1;
						TestTargetID = A915590826E7DC8B00F0063A;
					};
					A915592926E7DC8D00F0063A = {
						CreatedOnToolsVersion = 12.5.1;
						TestTargetID = A915590826E7DC8B00F0063A;
					};
				};
			};
			buildConfigurationList = A915590426E7DC8B00F0063A /* Build configuration list for PBXProject "CarOptionsMattF" */;
			compatibilityVersion = "Xcode 9.3";
			developmentRegion = en;
			hasScannedForEncodings = 0;
			knownRegions = (
				en,
				Base,
			);
			mainGroup = A915590026E7DC8B00F0063A;
			productRefGroup = A915590A26E7DC8B00F0063A /* Products */;
			projectDirPath = "";
			projectRoot = "";
			targets = (
				A915590826E7DC8B00F0063A /* CarOptionsMattF */,
				A915591E26E7DC8D00F0063A /* CarOptionsMattFTests */,
				A915592926E7DC8D00F0063A /* CarOptionsMattFUITests */,
			);
		};
/* End PBXProject section */

/* Begin PBXResourcesBuildPhase section */
		A915590726E7DC8B00F0063A /* Resources */ = {
			isa = PBXResourcesBuildPhase;
			buildActionMask = 2147483647;
			files = (
				A915591926E7DC8D00F0063A /* LaunchScreen.storyboard in Resources */,
				A915591626E7DC8D00F0063A /* Assets.xcassets in Resources */,
				A915591426E7DC8B00F0063A /* Main.storyboard in Resources */,
			);
			runOnlyForDeploymentPostprocessing = 0;
		};
		A915591D26E7DC8D00F0063A /* Resources */ = {
			isa = PBXResourcesBuildPhase;
			buildActionMask = 2147483647;
			files = (
			);
			runOnlyForDeploymentPostprocessing = 0;
		};
		A915592826E7DC8D00F0063A /* Resources */ = {
			isa = PBXResourcesBuildPhase;
			buildActionMask = 2147483647;
			files = (
			);
			runOnlyForDeploymentPostprocessing = 0;
		};
/* End PBXResourcesBuildPhase section */

/* Begin PBXSourcesBuildPhase section */
		A915590526E7DC8B00F0063A /* Sources */ = {
			isa = PBXSourcesBuildPhase;
			buildActionMask = 2147483647;
			files = (
				A915591126E7DC8B00F0063A /* ViewController.swift in Sources */,
				A915590D26E7DC8B00F0063A /* AppDelegate.swift in Sources */,
				A915590F26E7DC8B00F0063A /* SceneDelegate.swift in Sources */,
			);
			runOnlyForDeploymentPostprocessing = 0;
		};
		A915591B26E7DC8D00F0063A /* Sources */ = {
			isa = PBXSourcesBuildPhase;
			buildActionMask = 2147483647;
			files = (
				A915592426E7DC8D00F0063A /* CarOptionsMattFTests.swift in Sources */,
			);
			runOnlyForDeploymentPostprocessing = 0;
		};
		A915592626E7DC8D00F0063A /* Sources */ = {
			isa = PBXSourcesBuildPhase;
			buildActionMask = 2147483647;
			files = (
				A915592F26E7DC8D00F0063A /* CarOptionsMattFUITests.swift in Sources */,
			);
			runOnlyForDeploymentPostprocessing = 0;
		};
/* End PBXSourcesBuildPhase section */

/* Begin PBXTargetDependency section */
		A915592126E7DC8D00F0063A /* PBXTargetDependency */ = {
			isa = PBXTargetDependency;
			target = A915590826E7DC8B00F0063A /* CarOptionsMattF */;
			targetProxy = A915592026E7DC8D00F0063A /* PBXContainerItemProxy */;
		};
		A915592C26E7DC8D00F0063A /* PBXTargetDependency */ = {
			isa = PBXTargetDependency;
			target = A915590826E7DC8B00F0063A /* CarOptionsMattF */;
			targetProxy = A915592B26E7DC8D00F0063A /* PBXContainerItemProxy */;
		};
/* End PBXTargetDependency section */

/* Begin PBXVariantGroup section */
		A915591226E7DC8B00F0063A /* Main.storyboard */ = {
			isa = PBXVariantGroup;
			children = (
				A915591326E7DC8B00F0063A /* Base */,
			);
			name = Main.storyboard;
			sourceTree = "<group>";
		};
		A915591726E7DC8D00F0063A /* LaunchScreen.storyboard */ = {
			isa = PBXVariantGroup;
			children = (
				A915591826E7DC8D00F0063A /* Base */,
			);
			name = LaunchScreen.storyboard;
			sourceTree = "<group>";
		};
/* End PBXVariantGroup section */

/* Begin XCBuildConfiguration section */
		A915593126E7DC8D00F0063A /* Debug */ = {
			isa = XCBuildConfiguration;
			buildSettings = {
				ALWAYS_SEARCH_USER_PATHS = NO;
				CLANG_ANALYZER_NONNULL = YES;
				CLANG_ANALYZER_NUMBER_OBJECT_CONVERSION = YES_AGGRESSIVE;
				CLANG_CXX_LANGUAGE_STANDARD = "gnu++14";
				CLANG_CXX_LIBRARY = "libc++";
				CLANG_ENABLE_MODULES = YES;
				CLANG_ENABLE_OBJC_ARC = YES;
				CLANG_ENABLE_OBJC_WEAK = YES;
				CLANG_WARN_BLOCK_CAPTURE_AUTORELEASING = YES;
				CLANG_WARN_BOOL_CONVERSION = YES;
				CLANG_WARN_COMMA = YES;
				CLANG_WARN_CONSTANT_CONVERSION = YES;
				CLANG_WARN_DEPRECATED_OBJC_IMPLEMENTATIONS = YES;
				CLANG_WARN_DIRECT_OBJC_ISA_USAGE = YES_ERROR;
				CLANG_WARN_DOCUMENTATION_COMMENTS = YES;
				CLANG_WARN_EMPTY_BODY = YES;
				CLANG_WARN_ENUM_CONVERSION = YES;
				CLANG_WARN_INFINITE_RECURSION = YES;
				CLANG_WARN_INT_CONVERSION = YES;
				CLANG_WARN_NON_LITERAL_NULL_CONVERSION = YES;
				CLANG_WARN_OBJC_IMPLICIT_RETAIN_SELF = YES;
				CLANG_WARN_OBJC_LITERAL_CONVERSION = YES;
				CLANG_WARN_OBJC_ROOT_CLASS = YES_ERROR;
				CLANG_WARN_QUOTED_INCLUDE_IN_FRAMEWORK_HEADER = YES;
				CLANG_WARN_RANGE_LOOP_ANALYSIS = YES;
				CLANG_WARN_STRICT_PROTOTYPES = YES;
				CLANG_WARN_SUSPICIOUS_MOVE = YES;
				CLANG_WARN_UNGUARDED_AVAILABILITY = YES_AGGRESSIVE;
				CLANG_WARN_UNREACHABLE_CODE = YES;
				CLANG_WARN__DUPLICATE_METHOD_MATCH = YES;
				COPY_PHASE_STRIP = NO;
				DEBUG_INFORMATION_FORMAT = dwarf;
				ENABLE_STRICT_OBJC_MSGSEND = YES;
				ENABLE_TESTABILITY = YES;
				GCC_C_LANGUAGE_STANDARD = gnu11;
				GCC_DYNAMIC_NO_PIC = NO;
				GCC_NO_COMMON_BLOCKS = YES;
				GCC_OPTIMIZATION_LEVEL = 0;
				GCC_PREPROCESSOR_DEFINITIONS = (
					"DEBUG=1",
					"$(inherited)",
				);
				GCC_WARN_64_TO_32_BIT_CONVERSION = YES;
				GCC_WARN_ABOUT_RETURN_TYPE = YES_ERROR;
				GCC_WARN_UNDECLARED_SELECTOR = YES;
				GCC_WARN_UNINITIALIZED_AUTOS = YES_AGGRESSIVE;
				GCC_WARN_UNUSED_FUNCTION = YES;
				GCC_WARN_UNUSED_VARIABLE = YES;
				IPHONEOS_DEPLOYMENT_TARGET = 14.5;
				MTL_ENABLE_DEBUG_INFO = INCLUDE_SOURCE;
				MTL_FAST_MATH = YES;
				ONLY_ACTIVE_ARCH = YES;
				SDKROOT = iphoneos;
				SWIFT_ACTIVE_COMPILATION_CONDITIONS = DEBUG;
				SWIFT_OPTIMIZATION_LEVEL = "-Onone";
			};
			name = Debug;
		};
		A915593226E7DC8D00F0063A /* Release */ = {
			isa = XCBuildConfiguration;
			buildSettings = {
				ALWAYS_SEARCH_USER_PATHS = NO;
				CLANG_ANALYZER_NONNULL = YES;
				CLANG_ANALYZER_NUMBER_OBJECT_CONVERSION = YES_AGGRESSIVE;
				CLANG_CXX_LANGUAGE_STANDARD = "gnu++14";
				CLANG_CXX_LIBRARY = "libc++";
				CLANG_ENABLE_MODULES = YES;
				CLANG_ENABLE_OBJC_ARC = YES;
				CLANG_ENABLE_OBJC_WEAK = YES;
				CLANG_WARN_BLOCK_CAPTURE_AUTORELEASING = YES;
				CLANG_WARN_BOOL_CONVERSION = YES;
				CLANG_WARN_COMMA = YES;
				CLANG_WARN_CONSTANT_CONVERSION = YES;
				CLANG_WARN_DEPRECATED_OBJC_IMPLEMENTATIONS = YES;
				CLANG_WARN_DIRECT_OBJC_ISA_USAGE = YES_ERROR;
				CLANG_WARN_DOCUMENTATION_COMMENTS = YES;
				CLANG_WARN_EMPTY_BODY = YES;
				CLANG_WARN_ENUM_CONVERSION = YES;
				CLANG_WARN_INFINITE_RECURSION = YES;
				CLANG_WARN_INT_CONVERSION = YES;
				CLANG_WARN_NON_LITERAL_NULL_CONVERSION = YES;
				CLANG_WARN_OBJC_IMPLICIT_RETAIN_SELF = YES;
				CLANG_WARN_OBJC_LITERAL_CONVERSION = YES;
				CLANG_WARN_OBJC_ROOT_CLASS = YES_ERROR;
				CLANG_WARN_QUOTED_INCLUDE_IN_FRAMEWORK_HEADER = YES;
				CLANG_WARN_RANGE_LOOP_ANALYSIS = YES;
				CLANG_WARN_STRICT_PROTOTYPES = YES;
				CLANG_WARN_SUSPICIOUS_MOVE = YES;
				CLANG_WARN_UNGUARDED_AVAILABILITY = YES_AGGRESSIVE;
				CLANG_WARN_UNREACHABLE_CODE = YES;
				CLANG_WARN__DUPLICATE_METHOD_MATCH = YES;
				COPY_PHASE_STRIP = NO;
				DEBUG_INFORMATION_FORMAT = "dwarf-with-dsym";
				ENABLE_NS_ASSERTIONS = NO;
				ENABLE_STRICT_OBJC_MSGSEND = YES;
				GCC_C_LANGUAGE_STANDARD = gnu11;
				GCC_NO_COMMON_BLOCKS = YES;
				GCC_WARN_64_TO_32_BIT_CONVERSION = YES;
				GCC_WARN_ABOUT_RETURN_TYPE = YES_ERROR;
				GCC_WARN_UNDECLARED_SELECTOR = YES;
				GCC_WARN_UNINITIALIZED_AUTOS = YES_AGGRESSIVE;
				GCC_WARN_UNUSED_FUNCTION = YES;
				GCC_WARN_UNUSED_VARIABLE = YES;
				IPHONEOS_DEPLOYMENT_TARGET = 14.5;
				MTL_ENABLE_DEBUG_INFO = NO;
				MTL_FAST_MATH = YES;
				SDKROOT = iphoneos;
				SWIFT_COMPILATION_MODE = wholemodule;
				SWIFT_OPTIMIZATION_LEVEL = "-O";
				VALIDATE_PRODUCT = YES;
			};
			name = Release;
		};
		A915593426E7DC8D00F0063A /* Debug */ = {
			isa = XCBuildConfiguration;
			buildSettings = {
				ASSETCATALOG_COMPILER_APPICON_NAME = AppIcon;
				ASSETCATALOG_COMPILER_GLOBAL_ACCENT_COLOR_NAME = AccentColor;
				CODE_SIGN_STYLE = Automatic;
				INFOPLIST_FILE = CarOptionsMattF/Info.plist;
				LD_RUNPATH_SEARCH_PATHS = (
					"$(inherited)",
					"@executable_path/Frameworks",
				);
				PRODUCT_BUNDLE_IDENTIFIER = test.CarOptionsMattF;
				PRODUCT_NAME = "$(TARGET_NAME)";
				SWIFT_VERSION = 5.0;
				TARGETED_DEVICE_FAMILY = "1,2";
			};
			name = Debug;
		};
		A915593526E7DC8D00F0063A /* Release */ = {
			isa = XCBuildConfiguration;
			buildSettings = {
				ASSETCATALOG_COMPILER_APPICON_NAME = AppIcon;
				ASSETCATALOG_COMPILER_GLOBAL_ACCENT_COLOR_NAME = AccentColor;
				CODE_SIGN_STYLE = Automatic;
				INFOPLIST_FILE = CarOptionsMattF/Info.plist;
				LD_RUNPATH_SEARCH_PATHS = (
					"$(inherited)",
					"@executable_path/Frameworks",
				);
				PRODUCT_BUNDLE_IDENTIFIER = test.CarOptionsMattF;
				PRODUCT_NAME = "$(TARGET_NAME)";
				SWIFT_VERSION = 5.0;
				TARGETED_DEVICE_FAMILY = "1,2";
			};
			name = Release;
		};
		A915593726E7DC8D00F0063A /* Debug */ = {
			isa = XCBuildConfiguration;
			buildSettings = {
				ALWAYS_EMBED_SWIFT_STANDARD_LIBRARIES = YES;
				BUNDLE_LOADER = "$(TEST_HOST)";
				CODE_SIGN_STYLE = Automatic;
				INFOPLIST_FILE = CarOptionsMattFTests/Info.plist;
				IPHONEOS_DEPLOYMENT_TARGET = 14.5;
				LD_RUNPATH_SEARCH_PATHS = (
					"$(inherited)",
					"@executable_path/Frameworks",
					"@loader_path/Frameworks",
				);
				PRODUCT_BUNDLE_IDENTIFIER = test.CarOptionsMattFTests;
				PRODUCT_NAME = "$(TARGET_NAME)";
				SWIFT_VERSION = 5.0;
				TARGETED_DEVICE_FAMILY = "1,2";
				TEST_HOST = "$(BUILT_PRODUCTS_DIR)/CarOptionsMattF.app/CarOptionsMattF";
			};
			name = Debug;
		};
		A915593826E7DC8D00F0063A /* Release */ = {
			isa = XCBuildConfiguration;
			buildSettings = {
				ALWAYS_EMBED_SWIFT_STANDARD_LIBRARIES = YES;
				BUNDLE_LOADER = "$(TEST_HOST)";
				CODE_SIGN_STYLE = Automatic;
				INFOPLIST_FILE = CarOptionsMattFTests/Info.plist;
				IPHONEOS_DEPLOYMENT_TARGET = 14.5;
				LD_RUNPATH_SEARCH_PATHS = (
					"$(inherited)",
					"@executable_path/Frameworks",
					"@loader_path/Frameworks",
				);
				PRODUCT_BUNDLE_IDENTIFIER = test.CarOptionsMattFTests;
				PRODUCT_NAME = "$(TARGET_NAME)";
				SWIFT_VERSION = 5.0;
				TARGETED_DEVICE_FAMILY = "1,2";
				TEST_HOST = "$(BUILT_PRODUCTS_DIR)/CarOptionsMattF.app/CarOptionsMattF";
			};
			name = Release;
		};
		A915593A26E7DC8D00F0063A /* Debug */ = {
			isa = XCBuildConfiguration;
			buildSettings = {
				ALWAYS_EMBED_SWIFT_STANDARD_LIBRARIES = YES;
				CODE_SIGN_STYLE = Automatic;
				INFOPLIST_FILE = CarOptionsMattFUITests/Info.plist;
				LD_RUNPATH_SEARCH_PATHS = (
					"$(inherited)",
					"@executable_path/Frameworks",
					"@loader_path/Frameworks",
				);
				PRODUCT_BUNDLE_IDENTIFIER = test.CarOptionsMattFUITests;
				PRODUCT_NAME = "$(TARGET_NAME)";
				SWIFT_VERSION = 5.0;
				TARGETED_DEVICE_FAMILY = "1,2";
				TEST_TARGET_NAME = CarOptionsMattF;
			};
			name = Debug;
		};
		A915593B26E7DC8D00F0063A /* Release */ = {
			isa = XCBuildConfiguration;
			buildSettings = {
				ALWAYS_EMBED_SWIFT_STANDARD_LIBRARIES = YES;
				CODE_SIGN_STYLE = Automatic;
				INFOPLIST_FILE = CarOptionsMattFUITests/Info.plist;
				LD_RUNPATH_SEARCH_PATHS = (
					"$(inherited)",
					"@executable_path/Frameworks",
					"@loader_path/Frameworks",
				);
				PRODUCT_BUNDLE_IDENTIFIER = test.CarOptionsMattFUITests;
				PRODUCT_NAME = "$(TARGET_NAME)";
				SWIFT_VERSION = 5.0;
				TARGETED_DEVICE_FAMILY = "1,2";
				TEST_TARGET_NAME = CarOptionsMattF;
			};
			name = Release;
		};
/* End XCBuildConfiguration section */

/* Begin XCConfigurationList section */
		A915590426E7DC8B00F0063A /* Build configuration list for PBXProject "CarOptionsMattF" */ = {
			isa = XCConfigurationList;
			buildConfigurations = (
				A915593126E7DC8D00F0063A /* Debug */,
				A915593226E7DC8D00F0063A /* Release */,
			);
			defaultConfigurationIsVisible = 0;
			defaultConfigurationName = Release;
		};
		A915593326E7DC8D00F0063A /* Build configuration list for PBXNativeTarget "CarOptionsMattF" */ = {
			isa = XCConfigurationList;
			buildConfigurations = (
				A915593426E7DC8D00F0063A /* Debug */,
				A915593526E7DC8D00F0063A /* Release */,
			);
			defaultConfigurationIsVisible = 0;
			defaultConfigurationName = Release;
		};
		A915593626E7DC8D00F0063A /* Build configuration list for PBXNativeTarget "CarOptionsMattFTests" */ = {
			isa = XCConfigurationList;
			buildConfigurations = (
				A915593726E7DC8D00F0063A /* Debug */,
				A915593826E7DC8D00F0063A /* Release */,
			);
			defaultConfigurationIsVisible = 0;
			defaultConfigurationName = Release;
		};
		A915593926E7DC8D00F0063A /* Build configuration list for PBXNativeTarget "CarOptionsMattFUITests" */ = {
			isa = XCConfigurationList;
			buildConfigurations = (
				A915593A26E7DC8D00F0063A /* Debug */,
				A915593B26E7DC8D00F0063A /* Release */,
			);
			defaultConfigurationIsVisible = 0;
			defaultConfigurationName = Release;
		};
/* End XCConfigurationList section */
	};
	rootObject = A915590126E7DC8B00F0063A /* Project object */;
}
