// !$*UTF8*$!
{
	archiveVersion = 1;
	classes = {
	};
	objectVersion = 50;
	objects = {

/* Begin PBXBuildFile section */
		A9EA71B62703874700D007C1 /* AppDelegate.swift in Sources */ = {isa = PBXBuildFile; fileRef = A9EA71B52703874700D007C1 /* AppDelegate.swift */; };
		A9EA71B82703874700D007C1 /* SceneDelegate.swift in Sources */ = {isa = PBXBuildFile; fileRef = A9EA71B72703874700D007C1 /* SceneDelegate.swift */; };
		A9EA71BA2703874700D007C1 /* ViewController.swift in Sources */ = {isa = PBXBuildFile; fileRef = A9EA71B92703874700D007C1 /* ViewController.swift */; };
		A9EA71BD2703874700D007C1 /* Main.storyboard in Resources */ = {isa = PBXBuildFile; fileRef = A9EA71BB2703874700D007C1 /* Main.storyboard */; };
		A9EA71BF2703874800D007C1 /* Assets.xcassets in Resources */ = {isa = PBXBuildFile; fileRef = A9EA71BE2703874800D007C1 /* Assets.xcassets */; };
		A9EA71C22703874800D007C1 /* LaunchScreen.storyboard in Resources */ = {isa = PBXBuildFile; fileRef = A9EA71C02703874800D007C1 /* LaunchScreen.storyboard */; };
		A9EA71CD2703874800D007C1 /* TableViewMattFTests.swift in Sources */ = {isa = PBXBuildFile; fileRef = A9EA71CC2703874800D007C1 /* TableViewMattFTests.swift */; };
		A9EA71D82703874800D007C1 /* TableViewMattFUITests.swift in Sources */ = {isa = PBXBuildFile; fileRef = A9EA71D72703874800D007C1 /* TableViewMattFUITests.swift */; };
/* End PBXBuildFile section */

/* Begin PBXContainerItemProxy section */
		A9EA71C92703874800D007C1 /* PBXContainerItemProxy */ = {
			isa = PBXContainerItemProxy;
			containerPortal = A9EA71AA2703874700D007C1 /* Project object */;
			proxyType = 1;
			remoteGlobalIDString = A9EA71B12703874700D007C1;
			remoteInfo = TableViewMattF;
		};
		A9EA71D42703874800D007C1 /* PBXContainerItemProxy */ = {
			isa = PBXContainerItemProxy;
			containerPortal = A9EA71AA2703874700D007C1 /* Project object */;
			proxyType = 1;
			remoteGlobalIDString = A9EA71B12703874700D007C1;
			remoteInfo = TableViewMattF;
		};
/* End PBXContainerItemProxy section */

/* Begin PBXFileReference section */
		A9EA71B22703874700D007C1 /* TableViewMattF.app */ = {isa = PBXFileReference; explicitFileType = wrapper.application; includeInIndex = 0; path = TableViewMattF.app; sourceTree = BUILT_PRODUCTS_DIR; };
		A9EA71B52703874700D007C1 /* AppDelegate.swift */ = {isa = PBXFileReference; lastKnownFileType = sourcecode.swift; path = AppDelegate.swift; sourceTree = "<group>"; };
		A9EA71B72703874700D007C1 /* SceneDelegate.swift */ = {isa = PBXFileReference; lastKnownFileType = sourcecode.swift; path = SceneDelegate.swift; sourceTree = "<group>"; };
		A9EA71B92703874700D007C1 /* ViewController.swift */ = {isa = PBXFileReference; lastKnownFileType = sourcecode.swift; path = ViewController.swift; sourceTree = "<group>"; };
		A9EA71BC2703874700D007C1 /* Base */ = {isa = PBXFileReference; lastKnownFileType = file.storyboard; name = Base; path = Base.lproj/Main.storyboard; sourceTree = "<group>"; };
		A9EA71BE2703874800D007C1 /* Assets.xcassets */ = {isa = PBXFileReference; lastKnownFileType = folder.assetcatalog; path = Assets.xcassets; sourceTree = "<group>"; };
		A9EA71C12703874800D007C1 /* Base */ = {isa = PBXFileReference; lastKnownFileType = file.storyboard; name = Base; path = Base.lproj/LaunchScreen.storyboard; sourceTree = "<group>"; };
		A9EA71C32703874800D007C1 /* Info.plist */ = {isa = PBXFileReference; lastKnownFileType = text.plist.xml; path = Info.plist; sourceTree = "<group>"; };
		A9EA71C82703874800D007C1 /* TableViewMattFTests.xctest */ = {isa = PBXFileReference; explicitFileType = wrapper.cfbundle; includeInIndex = 0; path = TableViewMattFTests.xctest; sourceTree = BUILT_PRODUCTS_DIR; };
		A9EA71CC2703874800D007C1 /* TableViewMattFTests.swift */ = {isa = PBXFileReference; lastKnownFileType = sourcecode.swift; path = TableViewMattFTests.swift; sourceTree = "<group>"; };
		A9EA71CE2703874800D007C1 /* Info.plist */ = {isa = PBXFileReference; lastKnownFileType = text.plist.xml; path = Info.plist; sourceTree = "<group>"; };
		A9EA71D32703874800D007C1 /* TableViewMattFUITests.xctest */ = {isa = PBXFileReference; explicitFileType = wrapper.cfbundle; includeInIndex = 0; path = TableViewMattFUITests.xctest; sourceTree = BUILT_PRODUCTS_DIR; };
		A9EA71D72703874800D007C1 /* TableViewMattFUITests.swift */ = {isa = PBXFileReference; lastKnownFileType = sourcecode.swift; path = TableViewMattFUITests.swift; sourceTree = "<group>"; };
		A9EA71D92703874800D007C1 /* Info.plist */ = {isa = PBXFileReference; lastKnownFileType = text.plist.xml; path = Info.plist; sourceTree = "<group>"; };
/* End PBXFileReference section */

/* Begin PBXFrameworksBuildPhase section */
		A9EA71AF2703874700D007C1 /* Frameworks */ = {
			isa = PBXFrameworksBuildPhase;
			buildActionMask = 2147483647;
			files = (
			);
			runOnlyForDeploymentPostprocessing = 0;
		};
		A9EA71C52703874800D007C1 /* Frameworks */ = {
			isa = PBXFrameworksBuildPhase;
			buildActionMask = 2147483647;
			files = (
			);
			runOnlyForDeploymentPostprocessing = 0;
		};
		A9EA71D02703874800D007C1 /* Frameworks */ = {
			isa = PBXFrameworksBuildPhase;
			buildActionMask = 2147483647;
			files = (
			);
			runOnlyForDeploymentPostprocessing = 0;
		};
/* End PBXFrameworksBuildPhase section */

/* Begin PBXGroup section */
		A9EA71A92703874700D007C1 = {
			isa = PBXGroup;
			children = (
				A9EA71B42703874700D007C1 /* TableViewMattF */,
				A9EA71CB2703874800D007C1 /* TableViewMattFTests */,
				A9EA71D62703874800D007C1 /* TableViewMattFUITests */,
				A9EA71B32703874700D007C1 /* Products */,
			);
			sourceTree = "<group>";
		};
		A9EA71B32703874700D007C1 /* Products */ = {
			isa = PBXGroup;
			children = (
				A9EA71B22703874700D007C1 /* TableViewMattF.app */,
				A9EA71C82703874800D007C1 /* TableViewMattFTests.xctest */,
				A9EA71D32703874800D007C1 /* TableViewMattFUITests.xctest */,
			);
			name = Products;
			sourceTree = "<group>";
		};
		A9EA71B42703874700D007C1 /* TableViewMattF */ = {
			isa = PBXGroup;
			children = (
				A9EA71B52703874700D007C1 /* AppDelegate.swift */,
				A9EA71B72703874700D007C1 /* SceneDelegate.swift */,
				A9EA71B92703874700D007C1 /* ViewController.swift */,
				A9EA71BB2703874700D007C1 /* Main.storyboard */,
				A9EA71BE2703874800D007C1 /* Assets.xcassets */,
				A9EA71C02703874800D007C1 /* LaunchScreen.storyboard */,
				A9EA71C32703874800D007C1 /* Info.plist */,
			);
			path = TableViewMattF;
			sourceTree = "<group>";
		};
		A9EA71CB2703874800D007C1 /* TableViewMattFTests */ = {
			isa = PBXGroup;
			children = (
				A9EA71CC2703874800D007C1 /* TableViewMattFTests.swift */,
				A9EA71CE2703874800D007C1 /* Info.plist */,
			);
			path = TableViewMattFTests;
			sourceTree = "<group>";
		};
		A9EA71D62703874800D007C1 /* TableViewMattFUITests */ = {
			isa = PBXGroup;
			children = (
				A9EA71D72703874800D007C1 /* TableViewMattFUITests.swift */,
				A9EA71D92703874800D007C1 /* Info.plist */,
			);
			path = TableViewMattFUITests;
			sourceTree = "<group>";
		};
/* End PBXGroup section */

/* Begin PBXNativeTarget section */
		A9EA71B12703874700D007C1 /* TableViewMattF */ = {
			isa = PBXNativeTarget;
			buildConfigurationList = A9EA71DC2703874800D007C1 /* Build configuration list for PBXNativeTarget "TableViewMattF" */;
			buildPhases = (
				A9EA71AE2703874700D007C1 /* Sources */,
				A9EA71AF2703874700D007C1 /* Frameworks */,
				A9EA71B02703874700D007C1 /* Resources */,
			);
			buildRules = (
			);
			dependencies = (
			);
			name = TableViewMattF;
			productName = TableViewMattF;
			productReference = A9EA71B22703874700D007C1 /* TableViewMattF.app */;
			productType = "com.apple.product-type.application";
		};
		A9EA71C72703874800D007C1 /* TableViewMattFTests */ = {
			isa = PBXNativeTarget;
			buildConfigurationList = A9EA71DF2703874800D007C1 /* Build configuration list for PBXNativeTarget "TableViewMattFTests" */;
			buildPhases = (
				A9EA71C42703874800D007C1 /* Sources */,
				A9EA71C52703874800D007C1 /* Frameworks */,
				A9EA71C62703874800D007C1 /* Resources */,
			);
			buildRules = (
			);
			dependencies = (
				A9EA71CA2703874800D007C1 /* PBXTargetDependency */,
			);
			name = TableViewMattFTests;
			productName = TableViewMattFTests;
			productReference = A9EA71C82703874800D007C1 /* TableViewMattFTests.xctest */;
			productType = "com.apple.product-type.bundle.unit-test";
		};
		A9EA71D22703874800D007C1 /* TableViewMattFUITests */ = {
			isa = PBXNativeTarget;
			buildConfigurationList = A9EA71E22703874800D007C1 /* Build configuration list for PBXNativeTarget "TableViewMattFUITests" */;
			buildPhases = (
				A9EA71CF2703874800D007C1 /* Sources */,
				A9EA71D02703874800D007C1 /* Frameworks */,
				A9EA71D12703874800D007C1 /* Resources */,
			);
			buildRules = (
			);
			dependencies = (
				A9EA71D52703874800D007C1 /* PBXTargetDependency */,
			);
			name = TableViewMattFUITests;
			productName = TableViewMattFUITests;
			productReference = A9EA71D32703874800D007C1 /* TableViewMattFUITests.xctest */;
			productType = "com.apple.product-type.bundle.ui-testing";
		};
/* End PBXNativeTarget section */

/* Begin PBXProject section */
		A9EA71AA2703874700D007C1 /* Project object */ = {
			isa = PBXProject;
			attributes = {
				LastSwiftUpdateCheck = 1250;
				LastUpgradeCheck = 1250;
				TargetAttributes = {
					A9EA71B12703874700D007C1 = {
						CreatedOnToolsVersion = 12.5.1;
					};
					A9EA71C72703874800D007C1 = {
						CreatedOnToolsVersion = 12.5.1;
						TestTargetID = A9EA71B12703874700D007C1;
					};
					A9EA71D22703874800D007C1 = {
						CreatedOnToolsVersion = 12.5.1;
						TestTargetID = A9EA71B12703874700D007C1;
					};
				};
			};
			buildConfigurationList = A9EA71AD2703874700D007C1 /* Build configuration list for PBXProject "TableViewMattF" */;
			compatibilityVersion = "Xcode 9.3";
			developmentRegion = en;
			hasScannedForEncodings = 0;
			knownRegions = (
				en,
				Base,
			);
			mainGroup = A9EA71A92703874700D007C1;
			productRefGroup = A9EA71B32703874700D007C1 /* Products */;
			projectDirPath = "";
			projectRoot = "";
			targets = (
				A9EA71B12703874700D007C1 /* TableViewMattF */,
				A9EA71C72703874800D007C1 /* TableViewMattFTests */,
				A9EA71D22703874800D007C1 /* TableViewMattFUITests */,
			);
		};
/* End PBXProject section */

/* Begin PBXResourcesBuildPhase section */
		A9EA71B02703874700D007C1 /* Resources */ = {
			isa = PBXResourcesBuildPhase;
			buildActionMask = 2147483647;
			files = (
				A9EA71C22703874800D007C1 /* LaunchScreen.storyboard in Resources */,
				A9EA71BF2703874800D007C1 /* Assets.xcassets in Resources */,
				A9EA71BD2703874700D007C1 /* Main.storyboard in Resources */,
			);
			runOnlyForDeploymentPostprocessing = 0;
		};
		A9EA71C62703874800D007C1 /* Resources */ = {
			isa = PBXResourcesBuildPhase;
			buildActionMask = 2147483647;
			files = (
			);
			runOnlyForDeploymentPostprocessing = 0;
		};
		A9EA71D12703874800D007C1 /* Resources */ = {
			isa = PBXResourcesBuildPhase;
			buildActionMask = 2147483647;
			files = (
			);
			runOnlyForDeploymentPostprocessing = 0;
		};
/* End PBXResourcesBuildPhase section */

/* Begin PBXSourcesBuildPhase section */
		A9EA71AE2703874700D007C1 /* Sources */ = {
			isa = PBXSourcesBuildPhase;
			buildActionMask = 2147483647;
			files = (
				A9EA71BA2703874700D007C1 /* ViewController.swift in Sources */,
				A9EA71B62703874700D007C1 /* AppDelegate.swift in Sources */,
				A9EA71B82703874700D007C1 /* SceneDelegate.swift in Sources */,
			);
			runOnlyForDeploymentPostprocessing = 0;
		};
		A9EA71C42703874800D007C1 /* Sources */ = {
			isa = PBXSourcesBuildPhase;
			buildActionMask = 2147483647;
			files = (
				A9EA71CD2703874800D007C1 /* TableViewMattFTests.swift in Sources */,
			);
			runOnlyForDeploymentPostprocessing = 0;
		};
		A9EA71CF2703874800D007C1 /* Sources */ = {
			isa = PBXSourcesBuildPhase;
			buildActionMask = 2147483647;
			files = (
				A9EA71D82703874800D007C1 /* TableViewMattFUITests.swift in Sources */,
			);
			runOnlyForDeploymentPostprocessing = 0;
		};
/* End PBXSourcesBuildPhase section */

/* Begin PBXTargetDependency section */
		A9EA71CA2703874800D007C1 /* PBXTargetDependency */ = {
			isa = PBXTargetDependency;
			target = A9EA71B12703874700D007C1 /* TableViewMattF */;
			targetProxy = A9EA71C92703874800D007C1 /* PBXContainerItemProxy */;
		};
		A9EA71D52703874800D007C1 /* PBXTargetDependency */ = {
			isa = PBXTargetDependency;
			target = A9EA71B12703874700D007C1 /* TableViewMattF */;
			targetProxy = A9EA71D42703874800D007C1 /* PBXContainerItemProxy */;
		};
/* End PBXTargetDependency section */

/* Begin PBXVariantGroup section */
		A9EA71BB2703874700D007C1 /* Main.storyboard */ = {
			isa = PBXVariantGroup;
			children = (
				A9EA71BC2703874700D007C1 /* Base */,
			);
			name = Main.storyboard;
			sourceTree = "<group>";
		};
		A9EA71C02703874800D007C1 /* LaunchScreen.storyboard */ = {
			isa = PBXVariantGroup;
			children = (
				A9EA71C12703874800D007C1 /* Base */,
			);
			name = LaunchScreen.storyboard;
			sourceTree = "<group>";
		};
/* End PBXVariantGroup section */

/* Begin XCBuildConfiguration section */
		A9EA71DA2703874800D007C1 /* Debug */ = {
			isa = XCBuildConfiguration;
			buildSettings = {
				ALWAYS_SEARCH_USER_PATHS = NO;
				CLANG_ANALYZER_NONNULL = YES;
				CLANG_ANALYZER_NUMBER_OBJECT_CONVERSION = YES_AGGRESSIVE;
				CLANG_CXX_LANGUAGE_STANDARD = "gnu++14";
				CLANG_CXX_LIBRARY = "libc++";
				CLANG_ENABLE_MODULES = YES;
				CLANG_ENABLE_OBJC_ARC = YES;
				CLANG_ENABLE_OBJC_WEAK = YES;
				CLANG_WARN_BLOCK_CAPTURE_AUTORELEASING = YES;
				CLANG_WARN_BOOL_CONVERSION = YES;
				CLANG_WARN_COMMA = YES;
				CLANG_WARN_CONSTANT_CONVERSION = YES;
				CLANG_WARN_DEPRECATED_OBJC_IMPLEMENTATIONS = YES;
				CLANG_WARN_DIRECT_OBJC_ISA_USAGE = YES_ERROR;
				CLANG_WARN_DOCUMENTATION_COMMENTS = YES;
				CLANG_WARN_EMPTY_BODY = YES;
				CLANG_WARN_ENUM_CONVERSION = YES;
				CLANG_WARN_INFINITE_RECURSION = YES;
				CLANG_WARN_INT_CONVERSION = YES;
				CLANG_WARN_NON_LITERAL_NULL_CONVERSION = YES;
				CLANG_WARN_OBJC_IMPLICIT_RETAIN_SELF = YES;
				CLANG_WARN_OBJC_LITERAL_CONVERSION = YES;
				CLANG_WARN_OBJC_ROOT_CLASS = YES_ERROR;
				CLANG_WARN_QUOTED_INCLUDE_IN_FRAMEWORK_HEADER = YES;
				CLANG_WARN_RANGE_LOOP_ANALYSIS = YES;
				CLANG_WARN_STRICT_PROTOTYPES = YES;
				CLANG_WARN_SUSPICIOUS_MOVE = YES;
				CLANG_WARN_UNGUARDED_AVAILABILITY = YES_AGGRESSIVE;
				CLANG_WARN_UNREACHABLE_CODE = YES;
				CLANG_WARN__DUPLICATE_METHOD_MATCH = YES;
				COPY_PHASE_STRIP = NO;
				DEBUG_INFORMATION_FORMAT = dwarf;
				ENABLE_STRICT_OBJC_MSGSEND = YES;
				ENABLE_TESTABILITY = YES;
				GCC_C_LANGUAGE_STANDARD = gnu11;
				GCC_DYNAMIC_NO_PIC = NO;
				GCC_NO_COMMON_BLOCKS = YES;
				GCC_OPTIMIZATION_LEVEL = 0;
				GCC_PREPROCESSOR_DEFINITIONS = (
					"DEBUG=1",
					"$(inherited)",
				);
				GCC_WARN_64_TO_32_BIT_CONVERSION = YES;
				GCC_WARN_ABOUT_RETURN_TYPE = YES_ERROR;
				GCC_WARN_UNDECLARED_SELECTOR = YES;
				GCC_WARN_UNINITIALIZED_AUTOS = YES_AGGRESSIVE;
				GCC_WARN_UNUSED_FUNCTION = YES;
				GCC_WARN_UNUSED_VARIABLE = YES;
				IPHONEOS_DEPLOYMENT_TARGET = 14.5;
				MTL_ENABLE_DEBUG_INFO = INCLUDE_SOURCE;
				MTL_FAST_MATH = YES;
				ONLY_ACTIVE_ARCH = YES;
				SDKROOT = iphoneos;
				SWIFT_ACTIVE_COMPILATION_CONDITIONS = DEBUG;
				SWIFT_OPTIMIZATION_LEVEL = "-Onone";
			};
			name = Debug;
		};
		A9EA71DB2703874800D007C1 /* Release */ = {
			isa = XCBuildConfiguration;
			buildSettings = {
				ALWAYS_SEARCH_USER_PATHS = NO;
				CLANG_ANALYZER_NONNULL = YES;
				CLANG_ANALYZER_NUMBER_OBJECT_CONVERSION = YES_AGGRESSIVE;
				CLANG_CXX_LANGUAGE_STANDARD = "gnu++14";
				CLANG_CXX_LIBRARY = "libc++";
				CLANG_ENABLE_MODULES = YES;
				CLANG_ENABLE_OBJC_ARC = YES;
				CLANG_ENABLE_OBJC_WEAK = YES;
				CLANG_WARN_BLOCK_CAPTURE_AUTORELEASING = YES;
				CLANG_WARN_BOOL_CONVERSION = YES;
				CLANG_WARN_COMMA = YES;
				CLANG_WARN_CONSTANT_CONVERSION = YES;
				CLANG_WARN_DEPRECATED_OBJC_IMPLEMENTATIONS = YES;
				CLANG_WARN_DIRECT_OBJC_ISA_USAGE = YES_ERROR;
				CLANG_WARN_DOCUMENTATION_COMMENTS = YES;
				CLANG_WARN_EMPTY_BODY = YES;
				CLANG_WARN_ENUM_CONVERSION = YES;
				CLANG_WARN_INFINITE_RECURSION = YES;
				CLANG_WARN_INT_CONVERSION = YES;
				CLANG_WARN_NON_LITERAL_NULL_CONVERSION = YES;
				CLANG_WARN_OBJC_IMPLICIT_RETAIN_SELF = YES;
				CLANG_WARN_OBJC_LITERAL_CONVERSION = YES;
				CLANG_WARN_OBJC_ROOT_CLASS = YES_ERROR;
				CLANG_WARN_QUOTED_INCLUDE_IN_FRAMEWORK_HEADER = YES;
				CLANG_WARN_RANGE_LOOP_ANALYSIS = YES;
				CLANG_WARN_STRICT_PROTOTYPES = YES;
				CLANG_WARN_SUSPICIOUS_MOVE = YES;
				CLANG_WARN_UNGUARDED_AVAILABILITY = YES_AGGRESSIVE;
				CLANG_WARN_UNREACHABLE_CODE = YES;
				CLANG_WARN__DUPLICATE_METHOD_MATCH = YES;
				COPY_PHASE_STRIP = NO;
				DEBUG_INFORMATION_FORMAT = "dwarf-with-dsym";
				ENABLE_NS_ASSERTIONS = NO;
				ENABLE_STRICT_OBJC_MSGSEND = YES;
				GCC_C_LANGUAGE_STANDARD = gnu11;
				GCC_NO_COMMON_BLOCKS = YES;
				GCC_WARN_64_TO_32_BIT_CONVERSION = YES;
				GCC_WARN_ABOUT_RETURN_TYPE = YES_ERROR;
				GCC_WARN_UNDECLARED_SELECTOR = YES;
				GCC_WARN_UNINITIALIZED_AUTOS = YES_AGGRESSIVE;
				GCC_WARN_UNUSED_FUNCTION = YES;
				GCC_WARN_UNUSED_VARIABLE = YES;
				IPHONEOS_DEPLOYMENT_TARGET = 14.5;
				MTL_ENABLE_DEBUG_INFO = NO;
				MTL_FAST_MATH = YES;
				SDKROOT = iphoneos;
				SWIFT_COMPILATION_MODE = wholemodule;
				SWIFT_OPTIMIZATION_LEVEL = "-O";
				VALIDATE_PRODUCT = YES;
			};
			name = Release;
		};
		A9EA71DD2703874800D007C1 /* Debug */ = {
			isa = XCBuildConfiguration;
			buildSettings = {
				ASSETCATALOG_COMPILER_APPICON_NAME = AppIcon;
				ASSETCATALOG_COMPILER_GLOBAL_ACCENT_COLOR_NAME = AccentColor;
				CODE_SIGN_STYLE = Automatic;
				INFOPLIST_FILE = TableViewMattF/Info.plist;
				LD_RUNPATH_SEARCH_PATHS = (
					"$(inherited)",
					"@executable_path/Frameworks",
				);
				PRODUCT_BUNDLE_IDENTIFIER = test.TableViewMattF;
				PRODUCT_NAME = "$(TARGET_NAME)";
				SWIFT_VERSION = 5.0;
				TARGETED_DEVICE_FAMILY = "1,2";
			};
			name = Debug;
		};
		A9EA71DE2703874800D007C1 /* Release */ = {
			isa = XCBuildConfiguration;
			buildSettings = {
				ASSETCATALOG_COMPILER_APPICON_NAME = AppIcon;
				ASSETCATALOG_COMPILER_GLOBAL_ACCENT_COLOR_NAME = AccentColor;
				CODE_SIGN_STYLE = Automatic;
				INFOPLIST_FILE = TableViewMattF/Info.plist;
				LD_RUNPATH_SEARCH_PATHS = (
					"$(inherited)",
					"@executable_path/Frameworks",
				);
				PRODUCT_BUNDLE_IDENTIFIER = test.TableViewMattF;
				PRODUCT_NAME = "$(TARGET_NAME)";
				SWIFT_VERSION = 5.0;
				TARGETED_DEVICE_FAMILY = "1,2";
			};
			name = Release;
		};
		A9EA71E02703874800D007C1 /* Debug */ = {
			isa = XCBuildConfiguration;
			buildSettings = {
				ALWAYS_EMBED_SWIFT_STANDARD_LIBRARIES = YES;
				BUNDLE_LOADER = "$(TEST_HOST)";
				CODE_SIGN_STYLE = Automatic;
				INFOPLIST_FILE = TableViewMattFTests/Info.plist;
				IPHONEOS_DEPLOYMENT_TARGET = 14.5;
				LD_RUNPATH_SEARCH_PATHS = (
					"$(inherited)",
					"@executable_path/Frameworks",
					"@loader_path/Frameworks",
				);
				PRODUCT_BUNDLE_IDENTIFIER = test.TableViewMattFTests;
				PRODUCT_NAME = "$(TARGET_NAME)";
				SWIFT_VERSION = 5.0;
				TARGETED_DEVICE_FAMILY = "1,2";
				TEST_HOST = "$(BUILT_PRODUCTS_DIR)/TableViewMattF.app/TableViewMattF";
			};
			name = Debug;
		};
		A9EA71E12703874800D007C1 /* Release */ = {
			isa = XCBuildConfiguration;
			buildSettings = {
				ALWAYS_EMBED_SWIFT_STANDARD_LIBRARIES = YES;
				BUNDLE_LOADER = "$(TEST_HOST)";
				CODE_SIGN_STYLE = Automatic;
				INFOPLIST_FILE = TableViewMattFTests/Info.plist;
				IPHONEOS_DEPLOYMENT_TARGET = 14.5;
				LD_RUNPATH_SEARCH_PATHS = (
					"$(inherited)",
					"@executable_path/Frameworks",
					"@loader_path/Frameworks",
				);
				PRODUCT_BUNDLE_IDENTIFIER = test.TableViewMattFTests;
				PRODUCT_NAME = "$(TARGET_NAME)";
				SWIFT_VERSION = 5.0;
				TARGETED_DEVICE_FAMILY = "1,2";
				TEST_HOST = "$(BUILT_PRODUCTS_DIR)/TableViewMattF.app/TableViewMattF";
			};
			name = Release;
		};
		A9EA71E32703874800D007C1 /* Debug */ = {
			isa = XCBuildConfiguration;
			buildSettings = {
				ALWAYS_EMBED_SWIFT_STANDARD_LIBRARIES = YES;
				CODE_SIGN_STYLE = Automatic;
				INFOPLIST_FILE = TableViewMattFUITests/Info.plist;
				LD_RUNPATH_SEARCH_PATHS = (
					"$(inherited)",
					"@executable_path/Frameworks",
					"@loader_path/Frameworks",
				);
				PRODUCT_BUNDLE_IDENTIFIER = test.TableViewMattFUITests;
				PRODUCT_NAME = "$(TARGET_NAME)";
				SWIFT_VERSION = 5.0;
				TARGETED_DEVICE_FAMILY = "1,2";
				TEST_TARGET_NAME = TableViewMattF;
			};
			name = Debug;
		};
		A9EA71E42703874800D007C1 /* Release */ = {
			isa = XCBuildConfiguration;
			buildSettings = {
				ALWAYS_EMBED_SWIFT_STANDARD_LIBRARIES = YES;
				CODE_SIGN_STYLE = Automatic;
				INFOPLIST_FILE = TableViewMattFUITests/Info.plist;
				LD_RUNPATH_SEARCH_PATHS = (
					"$(inherited)",
					"@executable_path/Frameworks",
					"@loader_path/Frameworks",
				);
				PRODUCT_BUNDLE_IDENTIFIER = test.TableViewMattFUITests;
				PRODUCT_NAME = "$(TARGET_NAME)";
				SWIFT_VERSION = 5.0;
				TARGETED_DEVICE_FAMILY = "1,2";
				TEST_TARGET_NAME = TableViewMattF;
			};
			name = Release;
		};
/* End XCBuildConfiguration section */

/* Begin XCConfigurationList section */
		A9EA71AD2703874700D007C1 /* Build configuration list for PBXProject "TableViewMattF" */ = {
			isa = XCConfigurationList;
			buildConfigurations = (
				A9EA71DA2703874800D007C1 /* Debug */,
				A9EA71DB2703874800D007C1 /* Release */,
			);
			defaultConfigurationIsVisible = 0;
			defaultConfigurationName = Release;
		};
		A9EA71DC2703874800D007C1 /* Build configuration list for PBXNativeTarget "TableViewMattF" */ = {
			isa = XCConfigurationList;
			buildConfigurations = (
				A9EA71DD2703874800D007C1 /* Debug */,
				A9EA71DE2703874800D007C1 /* Release */,
			);
			defaultConfigurationIsVisible = 0;
			defaultConfigurationName = Release;
		};
		A9EA71DF2703874800D007C1 /* Build configuration list for PBXNativeTarget "TableViewMattFTests" */ = {
			isa = XCConfigurationList;
			buildConfigurations = (
				A9EA71E02703874800D007C1 /* Debug */,
				A9EA71E12703874800D007C1 /* Release */,
			);
			defaultConfigurationIsVisible = 0;
			defaultConfigurationName = Release;
		};
		A9EA71E22703874800D007C1 /* Build configuration list for PBXNativeTarget "TableViewMattFUITests" */ = {
			isa = XCConfigurationList;
			buildConfigurations = (
				A9EA71E32703874800D007C1 /* Debug */,
				A9EA71E42703874800D007C1 /* Release */,
			);
			defaultConfigurationIsVisible = 0;
			defaultConfigurationName = Release;
		};
/* End XCConfigurationList section */
	};
	rootObject = A9EA71AA2703874700D007C1 /* Project object */;
}
