// !$*UTF8*$!
{
	archiveVersion = 1;
	classes = {
	};
	objectVersion = 50;
	objects = {

/* Begin PBXBuildFile section */
		A9EA71F227038F5400D007C1 /* AppDelegate.swift in Sources */ = {isa = PBXBuildFile; fileRef = A9EA71F127038F5400D007C1 /* AppDelegate.swift */; };
		A9EA71F427038F5400D007C1 /* SceneDelegate.swift in Sources */ = {isa = PBXBuildFile; fileRef = A9EA71F327038F5400D007C1 /* SceneDelegate.swift */; };
		A9EA71F627038F5400D007C1 /* ViewController.swift in Sources */ = {isa = PBXBuildFile; fileRef = A9EA71F527038F5400D007C1 /* ViewController.swift */; };
		A9EA71F927038F5400D007C1 /* Main.storyboard in Resources */ = {isa = PBXBuildFile; fileRef = A9EA71F727038F5400D007C1 /* Main.storyboard */; };
		A9EA71FB27038F5500D007C1 /* Assets.xcassets in Resources */ = {isa = PBXBuildFile; fileRef = A9EA71FA27038F5500D007C1 /* Assets.xcassets */; };
		A9EA71FE27038F5500D007C1 /* LaunchScreen.storyboard in Resources */ = {isa = PBXBuildFile; fileRef = A9EA71FC27038F5500D007C1 /* LaunchScreen.storyboard */; };
		A9EA720927038F5500D007C1 /* Chap14MattFTests.swift in Sources */ = {isa = PBXBuildFile; fileRef = A9EA720827038F5500D007C1 /* Chap14MattFTests.swift */; };
		A9EA721427038F5500D007C1 /* Chap14MattFUITests.swift in Sources */ = {isa = PBXBuildFile; fileRef = A9EA721327038F5500D007C1 /* Chap14MattFUITests.swift */; };
/* End PBXBuildFile section */

/* Begin PBXContainerItemProxy section */
		A9EA720527038F5500D007C1 /* PBXContainerItemProxy */ = {
			isa = PBXContainerItemProxy;
			containerPortal = A9EA71E627038F5400D007C1 /* Project object */;
			proxyType = 1;
			remoteGlobalIDString = A9EA71ED27038F5400D007C1;
			remoteInfo = Chap14MattF;
		};
		A9EA721027038F5500D007C1 /* PBXContainerItemProxy */ = {
			isa = PBXContainerItemProxy;
			containerPortal = A9EA71E627038F5400D007C1 /* Project object */;
			proxyType = 1;
			remoteGlobalIDString = A9EA71ED27038F5400D007C1;
			remoteInfo = Chap14MattF;
		};
/* End PBXContainerItemProxy section */

/* Begin PBXFileReference section */
		A9EA71EE27038F5400D007C1 /* Chap14MattF.app */ = {isa = PBXFileReference; explicitFileType = wrapper.application; includeInIndex = 0; path = Chap14MattF.app; sourceTree = BUILT_PRODUCTS_DIR; };
		A9EA71F127038F5400D007C1 /* AppDelegate.swift */ = {isa = PBXFileReference; lastKnownFileType = sourcecode.swift; path = AppDelegate.swift; sourceTree = "<group>"; };
		A9EA71F327038F5400D007C1 /* SceneDelegate.swift */ = {isa = PBXFileReference; lastKnownFileType = sourcecode.swift; path = SceneDelegate.swift; sourceTree = "<group>"; };
		A9EA71F527038F5400D007C1 /* ViewController.swift */ = {isa = PBXFileReference; lastKnownFileType = sourcecode.swift; path = ViewController.swift; sourceTree = "<group>"; };
		A9EA71F827038F5400D007C1 /* Base */ = {isa = PBXFileReference; lastKnownFileType = file.storyboard; name = Base; path = Base.lproj/Main.storyboard; sourceTree = "<group>"; };
		A9EA71FA27038F5500D007C1 /* Assets.xcassets */ = {isa = PBXFileReference; lastKnownFileType = folder.assetcatalog; path = Assets.xcassets; sourceTree = "<group>"; };
		A9EA71FD27038F5500D007C1 /* Base */ = {isa = PBXFileReference; lastKnownFileType = file.storyboard; name = Base; path = Base.lproj/LaunchScreen.storyboard; sourceTree = "<group>"; };
		A9EA71FF27038F5500D007C1 /* Info.plist */ = {isa = PBXFileReference; lastKnownFileType = text.plist.xml; path = Info.plist; sourceTree = "<group>"; };
		A9EA720427038F5500D007C1 /* Chap14MattFTests.xctest */ = {isa = PBXFileReference; explicitFileType = wrapper.cfbundle; includeInIndex = 0; path = Chap14MattFTests.xctest; sourceTree = BUILT_PRODUCTS_DIR; };
		A9EA720827038F5500D007C1 /* Chap14MattFTests.swift */ = {isa = PBXFileReference; lastKnownFileType = sourcecode.swift; path = Chap14MattFTests.swift; sourceTree = "<group>"; };
		A9EA720A27038F5500D007C1 /* Info.plist */ = {isa = PBXFileReference; lastKnownFileType = text.plist.xml; path = Info.plist; sourceTree = "<group>"; };
		A9EA720F27038F5500D007C1 /* Chap14MattFUITests.xctest */ = {isa = PBXFileReference; explicitFileType = wrapper.cfbundle; includeInIndex = 0; path = Chap14MattFUITests.xctest; sourceTree = BUILT_PRODUCTS_DIR; };
		A9EA721327038F5500D007C1 /* Chap14MattFUITests.swift */ = {isa = PBXFileReference; lastKnownFileType = sourcecode.swift; path = Chap14MattFUITests.swift; sourceTree = "<group>"; };
		A9EA721527038F5500D007C1 /* Info.plist */ = {isa = PBXFileReference; lastKnownFileType = text.plist.xml; path = Info.plist; sourceTree = "<group>"; };
/* End PBXFileReference section */

/* Begin PBXFrameworksBuildPhase section */
		A9EA71EB27038F5400D007C1 /* Frameworks */ = {
			isa = PBXFrameworksBuildPhase;
			buildActionMask = 2147483647;
			files = (
			);
			runOnlyForDeploymentPostprocessing = 0;
		};
		A9EA720127038F5500D007C1 /* Frameworks */ = {
			isa = PBXFrameworksBuildPhase;
			buildActionMask = 2147483647;
			files = (
			);
			runOnlyForDeploymentPostprocessing = 0;
		};
		A9EA720C27038F5500D007C1 /* Frameworks */ = {
			isa = PBXFrameworksBuildPhase;
			buildActionMask = 2147483647;
			files = (
			);
			runOnlyForDeploymentPostprocessing = 0;
		};
/* End PBXFrameworksBuildPhase section */

/* Begin PBXGroup section */
		A9EA71E527038F5400D007C1 = {
			isa = PBXGroup;
			children = (
				A9EA71F027038F5400D007C1 /* Chap14MattF */,
				A9EA720727038F5500D007C1 /* Chap14MattFTests */,
				A9EA721227038F5500D007C1 /* Chap14MattFUITests */,
				A9EA71EF27038F5400D007C1 /* Products */,
			);
			sourceTree = "<group>";
		};
		A9EA71EF27038F5400D007C1 /* Products */ = {
			isa = PBXGroup;
			children = (
				A9EA71EE27038F5400D007C1 /* Chap14MattF.app */,
				A9EA720427038F5500D007C1 /* Chap14MattFTests.xctest */,
				A9EA720F27038F5500D007C1 /* Chap14MattFUITests.xctest */,
			);
			name = Products;
			sourceTree = "<group>";
		};
		A9EA71F027038F5400D007C1 /* Chap14MattF */ = {
			isa = PBXGroup;
			children = (
				A9EA71F127038F5400D007C1 /* AppDelegate.swift */,
				A9EA71F327038F5400D007C1 /* SceneDelegate.swift */,
				A9EA71F527038F5400D007C1 /* ViewController.swift */,
				A9EA71F727038F5400D007C1 /* Main.storyboard */,
				A9EA71FA27038F5500D007C1 /* Assets.xcassets */,
				A9EA71FC27038F5500D007C1 /* LaunchScreen.storyboard */,
				A9EA71FF27038F5500D007C1 /* Info.plist */,
			);
			path = Chap14MattF;
			sourceTree = "<group>";
		};
		A9EA720727038F5500D007C1 /* Chap14MattFTests */ = {
			isa = PBXGroup;
			children = (
				A9EA720827038F5500D007C1 /* Chap14MattFTests.swift */,
				A9EA720A27038F5500D007C1 /* Info.plist */,
			);
			path = Chap14MattFTests;
			sourceTree = "<group>";
		};
		A9EA721227038F5500D007C1 /* Chap14MattFUITests */ = {
			isa = PBXGroup;
			children = (
				A9EA721327038F5500D007C1 /* Chap14MattFUITests.swift */,
				A9EA721527038F5500D007C1 /* Info.plist */,
			);
			path = Chap14MattFUITests;
			sourceTree = "<group>";
		};
/* End PBXGroup section */

/* Begin PBXNativeTarget section */
		A9EA71ED27038F5400D007C1 /* Chap14MattF */ = {
			isa = PBXNativeTarget;
			buildConfigurationList = A9EA721827038F5500D007C1 /* Build configuration list for PBXNativeTarget "Chap14MattF" */;
			buildPhases = (
				A9EA71EA27038F5400D007C1 /* Sources */,
				A9EA71EB27038F5400D007C1 /* Frameworks */,
				A9EA71EC27038F5400D007C1 /* Resources */,
			);
			buildRules = (
			);
			dependencies = (
			);
			name = Chap14MattF;
			productName = Chap14MattF;
			productReference = A9EA71EE27038F5400D007C1 /* Chap14MattF.app */;
			productType = "com.apple.product-type.application";
		};
		A9EA720327038F5500D007C1 /* Chap14MattFTests */ = {
			isa = PBXNativeTarget;
			buildConfigurationList = A9EA721B27038F5500D007C1 /* Build configuration list for PBXNativeTarget "Chap14MattFTests" */;
			buildPhases = (
				A9EA720027038F5500D007C1 /* Sources */,
				A9EA720127038F5500D007C1 /* Frameworks */,
				A9EA720227038F5500D007C1 /* Resources */,
			);
			buildRules = (
			);
			dependencies = (
				A9EA720627038F5500D007C1 /* PBXTargetDependency */,
			);
			name = Chap14MattFTests;
			productName = Chap14MattFTests;
			productReference = A9EA720427038F5500D007C1 /* Chap14MattFTests.xctest */;
			productType = "com.apple.product-type.bundle.unit-test";
		};
		A9EA720E27038F5500D007C1 /* Chap14MattFUITests */ = {
			isa = PBXNativeTarget;
			buildConfigurationList = A9EA721E27038F5500D007C1 /* Build configuration list for PBXNativeTarget "Chap14MattFUITests" */;
			buildPhases = (
				A9EA720B27038F5500D007C1 /* Sources */,
				A9EA720C27038F5500D007C1 /* Frameworks */,
				A9EA720D27038F5500D007C1 /* Resources */,
			);
			buildRules = (
			);
			dependencies = (
				A9EA721127038F5500D007C1 /* PBXTargetDependency */,
			);
			name = Chap14MattFUITests;
			productName = Chap14MattFUITests;
			productReference = A9EA720F27038F5500D007C1 /* Chap14MattFUITests.xctest */;
			productType = "com.apple.product-type.bundle.ui-testing";
		};
/* End PBXNativeTarget section */

/* Begin PBXProject section */
		A9EA71E627038F5400D007C1 /* Project object */ = {
			isa = PBXProject;
			attributes = {
				LastSwiftUpdateCheck = 1250;
				LastUpgradeCheck = 1250;
				TargetAttributes = {
					A9EA71ED27038F5400D007C1 = {
						CreatedOnToolsVersion = 12.5.1;
					};
					A9EA720327038F5500D007C1 = {
						CreatedOnToolsVersion = 12.5.1;
						TestTargetID = A9EA71ED27038F5400D007C1;
					};
					A9EA720E27038F5500D007C1 = {
						CreatedOnToolsVersion = 12.5.1;
						TestTargetID = A9EA71ED27038F5400D007C1;
					};
				};
			};
			buildConfigurationList = A9EA71E927038F5400D007C1 /* Build configuration list for PBXProject "Chap14MattF" */;
			compatibilityVersion = "Xcode 9.3";
			developmentRegion = en;
			hasScannedForEncodings = 0;
			knownRegions = (
				en,
				Base,
			);
			mainGroup = A9EA71E527038F5400D007C1;
			productRefGroup = A9EA71EF27038F5400D007C1 /* Products */;
			projectDirPath = "";
			projectRoot = "";
			targets = (
				A9EA71ED27038F5400D007C1 /* Chap14MattF */,
				A9EA720327038F5500D007C1 /* Chap14MattFTests */,
				A9EA720E27038F5500D007C1 /* Chap14MattFUITests */,
			);
		};
/* End PBXProject section */

/* Begin PBXResourcesBuildPhase section */
		A9EA71EC27038F5400D007C1 /* Resources */ = {
			isa = PBXResourcesBuildPhase;
			buildActionMask = 2147483647;
			files = (
				A9EA71FE27038F5500D007C1 /* LaunchScreen.storyboard in Resources */,
				A9EA71FB27038F5500D007C1 /* Assets.xcassets in Resources */,
				A9EA71F927038F5400D007C1 /* Main.storyboard in Resources */,
			);
			runOnlyForDeploymentPostprocessing = 0;
		};
		A9EA720227038F5500D007C1 /* Resources */ = {
			isa = PBXResourcesBuildPhase;
			buildActionMask = 2147483647;
			files = (
			);
			runOnlyForDeploymentPostprocessing = 0;
		};
		A9EA720D27038F5500D007C1 /* Resources */ = {
			isa = PBXResourcesBuildPhase;
			buildActionMask = 2147483647;
			files = (
			);
			runOnlyForDeploymentPostprocessing = 0;
		};
/* End PBXResourcesBuildPhase section */

/* Begin PBXSourcesBuildPhase section */
		A9EA71EA27038F5400D007C1 /* Sources */ = {
			isa = PBXSourcesBuildPhase;
			buildActionMask = 2147483647;
			files = (
				A9EA71F627038F5400D007C1 /* ViewController.swift in Sources */,
				A9EA71F227038F5400D007C1 /* AppDelegate.swift in Sources */,
				A9EA71F427038F5400D007C1 /* SceneDelegate.swift in Sources */,
			);
			runOnlyForDeploymentPostprocessing = 0;
		};
		A9EA720027038F5500D007C1 /* Sources */ = {
			isa = PBXSourcesBuildPhase;
			buildActionMask = 2147483647;
			files = (
				A9EA720927038F5500D007C1 /* Chap14MattFTests.swift in Sources */,
			);
			runOnlyForDeploymentPostprocessing = 0;
		};
		A9EA720B27038F5500D007C1 /* Sources */ = {
			isa = PBXSourcesBuildPhase;
			buildActionMask = 2147483647;
			files = (
				A9EA721427038F5500D007C1 /* Chap14MattFUITests.swift in Sources */,
			);
			runOnlyForDeploymentPostprocessing = 0;
		};
/* End PBXSourcesBuildPhase section */

/* Begin PBXTargetDependency section */
		A9EA720627038F5500D007C1 /* PBXTargetDependency */ = {
			isa = PBXTargetDependency;
			target = A9EA71ED27038F5400D007C1 /* Chap14MattF */;
			targetProxy = A9EA720527038F5500D007C1 /* PBXContainerItemProxy */;
		};
		A9EA721127038F5500D007C1 /* PBXTargetDependency */ = {
			isa = PBXTargetDependency;
			target = A9EA71ED27038F5400D007C1 /* Chap14MattF */;
			targetProxy = A9EA721027038F5500D007C1 /* PBXContainerItemProxy */;
		};
/* End PBXTargetDependency section */

/* Begin PBXVariantGroup section */
		A9EA71F727038F5400D007C1 /* Main.storyboard */ = {
			isa = PBXVariantGroup;
			children = (
				A9EA71F827038F5400D007C1 /* Base */,
			);
			name = Main.storyboard;
			sourceTree = "<group>";
		};
		A9EA71FC27038F5500D007C1 /* LaunchScreen.storyboard */ = {
			isa = PBXVariantGroup;
			children = (
				A9EA71FD27038F5500D007C1 /* Base */,
			);
			name = LaunchScreen.storyboard;
			sourceTree = "<group>";
		};
/* End PBXVariantGroup section */

/* Begin XCBuildConfiguration section */
		A9EA721627038F5500D007C1 /* Debug */ = {
			isa = XCBuildConfiguration;
			buildSettings = {
				ALWAYS_SEARCH_USER_PATHS = NO;
				CLANG_ANALYZER_NONNULL = YES;
				CLANG_ANALYZER_NUMBER_OBJECT_CONVERSION = YES_AGGRESSIVE;
				CLANG_CXX_LANGUAGE_STANDARD = "gnu++14";
				CLANG_CXX_LIBRARY = "libc++";
				CLANG_ENABLE_MODULES = YES;
				CLANG_ENABLE_OBJC_ARC = YES;
				CLANG_ENABLE_OBJC_WEAK = YES;
				CLANG_WARN_BLOCK_CAPTURE_AUTORELEASING = YES;
				CLANG_WARN_BOOL_CONVERSION = YES;
				CLANG_WARN_COMMA = YES;
				CLANG_WARN_CONSTANT_CONVERSION = YES;
				CLANG_WARN_DEPRECATED_OBJC_IMPLEMENTATIONS = YES;
				CLANG_WARN_DIRECT_OBJC_ISA_USAGE = YES_ERROR;
				CLANG_WARN_DOCUMENTATION_COMMENTS = YES;
				CLANG_WARN_EMPTY_BODY = YES;
				CLANG_WARN_ENUM_CONVERSION = YES;
				CLANG_WARN_INFINITE_RECURSION = YES;
				CLANG_WARN_INT_CONVERSION = YES;
				CLANG_WARN_NON_LITERAL_NULL_CONVERSION = YES;
				CLANG_WARN_OBJC_IMPLICIT_RETAIN_SELF = YES;
				CLANG_WARN_OBJC_LITERAL_CONVERSION = YES;
				CLANG_WARN_OBJC_ROOT_CLASS = YES_ERROR;
				CLANG_WARN_QUOTED_INCLUDE_IN_FRAMEWORK_HEADER = YES;
				CLANG_WARN_RANGE_LOOP_ANALYSIS = YES;
				CLANG_WARN_STRICT_PROTOTYPES = YES;
				CLANG_WARN_SUSPICIOUS_MOVE = YES;
				CLANG_WARN_UNGUARDED_AVAILABILITY = YES_AGGRESSIVE;
				CLANG_WARN_UNREACHABLE_CODE = YES;
				CLANG_WARN__DUPLICATE_METHOD_MATCH = YES;
				COPY_PHASE_STRIP = NO;
				DEBUG_INFORMATION_FORMAT = dwarf;
				ENABLE_STRICT_OBJC_MSGSEND = YES;
				ENABLE_TESTABILITY = YES;
				GCC_C_LANGUAGE_STANDARD = gnu11;
				GCC_DYNAMIC_NO_PIC = NO;
				GCC_NO_COMMON_BLOCKS = YES;
				GCC_OPTIMIZATION_LEVEL = 0;
				GCC_PREPROCESSOR_DEFINITIONS = (
					"DEBUG=1",
					"$(inherited)",
				);
				GCC_WARN_64_TO_32_BIT_CONVERSION = YES;
				GCC_WARN_ABOUT_RETURN_TYPE = YES_ERROR;
				GCC_WARN_UNDECLARED_SELECTOR = YES;
				GCC_WARN_UNINITIALIZED_AUTOS = YES_AGGRESSIVE;
				GCC_WARN_UNUSED_FUNCTION = YES;
				GCC_WARN_UNUSED_VARIABLE = YES;
				IPHONEOS_DEPLOYMENT_TARGET = 14.5;
				MTL_ENABLE_DEBUG_INFO = INCLUDE_SOURCE;
				MTL_FAST_MATH = YES;
				ONLY_ACTIVE_ARCH = YES;
				SDKROOT = iphoneos;
				SWIFT_ACTIVE_COMPILATION_CONDITIONS = DEBUG;
				SWIFT_OPTIMIZATION_LEVEL = "-Onone";
			};
			name = Debug;
		};
		A9EA721727038F5500D007C1 /* Release */ = {
			isa = XCBuildConfiguration;
			buildSettings = {
				ALWAYS_SEARCH_USER_PATHS = NO;
				CLANG_ANALYZER_NONNULL = YES;
				CLANG_ANALYZER_NUMBER_OBJECT_CONVERSION = YES_AGGRESSIVE;
				CLANG_CXX_LANGUAGE_STANDARD = "gnu++14";
				CLANG_CXX_LIBRARY = "libc++";
				CLANG_ENABLE_MODULES = YES;
				CLANG_ENABLE_OBJC_ARC = YES;
				CLANG_ENABLE_OBJC_WEAK = YES;
				CLANG_WARN_BLOCK_CAPTURE_AUTORELEASING = YES;
				CLANG_WARN_BOOL_CONVERSION = YES;
				CLANG_WARN_COMMA = YES;
				CLANG_WARN_CONSTANT_CONVERSION = YES;
				CLANG_WARN_DEPRECATED_OBJC_IMPLEMENTATIONS = YES;
				CLANG_WARN_DIRECT_OBJC_ISA_USAGE = YES_ERROR;
				CLANG_WARN_DOCUMENTATION_COMMENTS = YES;
				CLANG_WARN_EMPTY_BODY = YES;
				CLANG_WARN_ENUM_CONVERSION = YES;
				CLANG_WARN_INFINITE_RECURSION = YES;
				CLANG_WARN_INT_CONVERSION = YES;
				CLANG_WARN_NON_LITERAL_NULL_CONVERSION = YES;
				CLANG_WARN_OBJC_IMPLICIT_RETAIN_SELF = YES;
				CLANG_WARN_OBJC_LITERAL_CONVERSION = YES;
				CLANG_WARN_OBJC_ROOT_CLASS = YES_ERROR;
				CLANG_WARN_QUOTED_INCLUDE_IN_FRAMEWORK_HEADER = YES;
				CLANG_WARN_RANGE_LOOP_ANALYSIS = YES;
				CLANG_WARN_STRICT_PROTOTYPES = YES;
				CLANG_WARN_SUSPICIOUS_MOVE = YES;
				CLANG_WARN_UNGUARDED_AVAILABILITY = YES_AGGRESSIVE;
				CLANG_WARN_UNREACHABLE_CODE = YES;
				CLANG_WARN__DUPLICATE_METHOD_MATCH = YES;
				COPY_PHASE_STRIP = NO;
				DEBUG_INFORMATION_FORMAT = "dwarf-with-dsym";
				ENABLE_NS_ASSERTIONS = NO;
				ENABLE_STRICT_OBJC_MSGSEND = YES;
				GCC_C_LANGUAGE_STANDARD = gnu11;
				GCC_NO_COMMON_BLOCKS = YES;
				GCC_WARN_64_TO_32_BIT_CONVERSION = YES;
				GCC_WARN_ABOUT_RETURN_TYPE = YES_ERROR;
				GCC_WARN_UNDECLARED_SELECTOR = YES;
				GCC_WARN_UNINITIALIZED_AUTOS = YES_AGGRESSIVE;
				GCC_WARN_UNUSED_FUNCTION = YES;
				GCC_WARN_UNUSED_VARIABLE = YES;
				IPHONEOS_DEPLOYMENT_TARGET = 14.5;
				MTL_ENABLE_DEBUG_INFO = NO;
				MTL_FAST_MATH = YES;
				SDKROOT = iphoneos;
				SWIFT_COMPILATION_MODE = wholemodule;
				SWIFT_OPTIMIZATION_LEVEL = "-O";
				VALIDATE_PRODUCT = YES;
			};
			name = Release;
		};
		A9EA721927038F5500D007C1 /* Debug */ = {
			isa = XCBuildConfiguration;
			buildSettings = {
				ASSETCATALOG_COMPILER_APPICON_NAME = AppIcon;
				ASSETCATALOG_COMPILER_GLOBAL_ACCENT_COLOR_NAME = AccentColor;
				CODE_SIGN_STYLE = Automatic;
				INFOPLIST_FILE = Chap14MattF/Info.plist;
				LD_RUNPATH_SEARCH_PATHS = (
					"$(inherited)",
					"@executable_path/Frameworks",
				);
				PRODUCT_BUNDLE_IDENTIFIER = test.Chap14MattF;
				PRODUCT_NAME = "$(TARGET_NAME)";
				SWIFT_VERSION = 5.0;
				TARGETED_DEVICE_FAMILY = "1,2";
			};
			name = Debug;
		};
		A9EA721A27038F5500D007C1 /* Release */ = {
			isa = XCBuildConfiguration;
			buildSettings = {
				ASSETCATALOG_COMPILER_APPICON_NAME = AppIcon;
				ASSETCATALOG_COMPILER_GLOBAL_ACCENT_COLOR_NAME = AccentColor;
				CODE_SIGN_STYLE = Automatic;
				INFOPLIST_FILE = Chap14MattF/Info.plist;
				LD_RUNPATH_SEARCH_PATHS = (
					"$(inherited)",
					"@executable_path/Frameworks",
				);
				PRODUCT_BUNDLE_IDENTIFIER = test.Chap14MattF;
				PRODUCT_NAME = "$(TARGET_NAME)";
				SWIFT_VERSION = 5.0;
				TARGETED_DEVICE_FAMILY = "1,2";
			};
			name = Release;
		};
		A9EA721C27038F5500D007C1 /* Debug */ = {
			isa = XCBuildConfiguration;
			buildSettings = {
				ALWAYS_EMBED_SWIFT_STANDARD_LIBRARIES = YES;
				BUNDLE_LOADER = "$(TEST_HOST)";
				CODE_SIGN_STYLE = Automatic;
				INFOPLIST_FILE = Chap14MattFTests/Info.plist;
				IPHONEOS_DEPLOYMENT_TARGET = 14.5;
				LD_RUNPATH_SEARCH_PATHS = (
					"$(inherited)",
					"@executable_path/Frameworks",
					"@loader_path/Frameworks",
				);
				PRODUCT_BUNDLE_IDENTIFIER = test.Chap14MattFTests;
				PRODUCT_NAME = "$(TARGET_NAME)";
				SWIFT_VERSION = 5.0;
				TARGETED_DEVICE_FAMILY = "1,2";
				TEST_HOST = "$(BUILT_PRODUCTS_DIR)/Chap14MattF.app/Chap14MattF";
			};
			name = Debug;
		};
		A9EA721D27038F5500D007C1 /* Release */ = {
			isa = XCBuildConfiguration;
			buildSettings = {
				ALWAYS_EMBED_SWIFT_STANDARD_LIBRARIES = YES;
				BUNDLE_LOADER = "$(TEST_HOST)";
				CODE_SIGN_STYLE = Automatic;
				INFOPLIST_FILE = Chap14MattFTests/Info.plist;
				IPHONEOS_DEPLOYMENT_TARGET = 14.5;
				LD_RUNPATH_SEARCH_PATHS = (
					"$(inherited)",
					"@executable_path/Frameworks",
					"@loader_path/Frameworks",
				);
				PRODUCT_BUNDLE_IDENTIFIER = test.Chap14MattFTests;
				PRODUCT_NAME = "$(TARGET_NAME)";
				SWIFT_VERSION = 5.0;
				TARGETED_DEVICE_FAMILY = "1,2";
				TEST_HOST = "$(BUILT_PRODUCTS_DIR)/Chap14MattF.app/Chap14MattF";
			};
			name = Release;
		};
		A9EA721F27038F5500D007C1 /* Debug */ = {
			isa = XCBuildConfiguration;
			buildSettings = {
				ALWAYS_EMBED_SWIFT_STANDARD_LIBRARIES = YES;
				CODE_SIGN_STYLE = Automatic;
				INFOPLIST_FILE = Chap14MattFUITests/Info.plist;
				LD_RUNPATH_SEARCH_PATHS = (
					"$(inherited)",
					"@executable_path/Frameworks",
					"@loader_path/Frameworks",
				);
				PRODUCT_BUNDLE_IDENTIFIER = test.Chap14MattFUITests;
				PRODUCT_NAME = "$(TARGET_NAME)";
				SWIFT_VERSION = 5.0;
				TARGETED_DEVICE_FAMILY = "1,2";
				TEST_TARGET_NAME = Chap14MattF;
			};
			name = Debug;
		};
		A9EA722027038F5500D007C1 /* Release */ = {
			isa = XCBuildConfiguration;
			buildSettings = {
				ALWAYS_EMBED_SWIFT_STANDARD_LIBRARIES = YES;
				CODE_SIGN_STYLE = Automatic;
				INFOPLIST_FILE = Chap14MattFUITests/Info.plist;
				LD_RUNPATH_SEARCH_PATHS = (
					"$(inherited)",
					"@executable_path/Frameworks",
					"@loader_path/Frameworks",
				);
				PRODUCT_BUNDLE_IDENTIFIER = test.Chap14MattFUITests;
				PRODUCT_NAME = "$(TARGET_NAME)";
				SWIFT_VERSION = 5.0;
				TARGETED_DEVICE_FAMILY = "1,2";
				TEST_TARGET_NAME = Chap14MattF;
			};
			name = Release;
		};
/* End XCBuildConfiguration section */

/* Begin XCConfigurationList section */
		A9EA71E927038F5400D007C1 /* Build configuration list for PBXProject "Chap14MattF" */ = {
			isa = XCConfigurationList;
			buildConfigurations = (
				A9EA721627038F5500D007C1 /* Debug */,
				A9EA721727038F5500D007C1 /* Release */,
			);
			defaultConfigurationIsVisible = 0;
			defaultConfigurationName = Release;
		};
		A9EA721827038F5500D007C1 /* Build configuration list for PBXNativeTarget "Chap14MattF" */ = {
			isa = XCConfigurationList;
			buildConfigurations = (
				A9EA721927038F5500D007C1 /* Debug */,
				A9EA721A27038F5500D007C1 /* Release */,
			);
			defaultConfigurationIsVisible = 0;
			defaultConfigurationName = Release;
		};
		A9EA721B27038F5500D007C1 /* Build configuration list for PBXNativeTarget "Chap14MattFTests" */ = {
			isa = XCConfigurationList;
			buildConfigurations = (
				A9EA721C27038F5500D007C1 /* Debug */,
				A9EA721D27038F5500D007C1 /* Release */,
			);
			defaultConfigurationIsVisible = 0;
			defaultConfigurationName = Release;
		};
		A9EA721E27038F5500D007C1 /* Build configuration list for PBXNativeTarget "Chap14MattFUITests" */ = {
			isa = XCConfigurationList;
			buildConfigurations = (
				A9EA721F27038F5500D007C1 /* Debug */,
				A9EA722027038F5500D007C1 /* Release */,
			);
			defaultConfigurationIsVisible = 0;
			defaultConfigurationName = Release;
		};
/* End XCConfigurationList section */
	};
	rootObject = A9EA71E627038F5400D007C1 /* Project object */;
}
